// !$*UTF8*$!
{
	archiveVersion = 1;
	classes = {
	};
	objectVersion = 55;
	objects = {

/* Begin PBXBuildFile section */
		F823019927E98E9300C4F21B /* Theme.swift in Sources */ = {isa = PBXBuildFile; fileRef = F823019827E98E9300C4F21B /* Theme.swift */; };
		F82301CE27E9A36B00C4F21B /* DailyScrum.swift in Sources */ = {isa = PBXBuildFile; fileRef = F82301CD27E9A36B00C4F21B /* DailyScrum.swift */; };
		F82301D027E9AF0400C4F21B /* CardView.swift in Sources */ = {isa = PBXBuildFile; fileRef = F82301CF27E9AF0400C4F21B /* CardView.swift */; };
		F82301D327E9BBBC00C4F21B /* TrailingIconLabelStyle.swift in Sources */ = {isa = PBXBuildFile; fileRef = F82301D227E9BBBC00C4F21B /* TrailingIconLabelStyle.swift */; };
		F82301D527E9FC3800C4F21B /* ScrumsView.swift in Sources */ = {isa = PBXBuildFile; fileRef = F82301D427E9FC3800C4F21B /* ScrumsView.swift */; };
		F82301D727EABFC500C4F21B /* DetailView.swift in Sources */ = {isa = PBXBuildFile; fileRef = F82301D627EABFC500C4F21B /* DetailView.swift */; };
		F82301D927EB003D00C4F21B /* DetailEditView.swift in Sources */ = {isa = PBXBuildFile; fileRef = F82301D827EB003D00C4F21B /* DetailEditView.swift */; };
		F82301DB27EB0E7A00C4F21B /* ThemeView.swift in Sources */ = {isa = PBXBuildFile; fileRef = F82301DA27EB0E7A00C4F21B /* ThemeView.swift */; };
		F82301DD27EB0FC100C4F21B /* ThemePicker.swift in Sources */ = {isa = PBXBuildFile; fileRef = F82301DC27EB0FC100C4F21B /* ThemePicker.swift */; };
		F88FCADA27E863EE003A229E /* ScrumdingerApp.swift in Sources */ = {isa = PBXBuildFile; fileRef = F88FCAD927E863EE003A229E /* ScrumdingerApp.swift */; };
		F88FCADC27E863EE003A229E /* MeetingView.swift in Sources */ = {isa = PBXBuildFile; fileRef = F88FCADB27E863EE003A229E /* MeetingView.swift */; };
		F88FCADE27E863EF003A229E /* Assets.xcassets in Resources */ = {isa = PBXBuildFile; fileRef = F88FCADD27E863EF003A229E /* Assets.xcassets */; };
		F88FCAE127E863EF003A229E /* Preview Assets.xcassets in Resources */ = {isa = PBXBuildFile; fileRef = F88FCAE027E863EF003A229E /* Preview Assets.xcassets */; };
		F8B56DD72806D04300C210AD /* ErrorWrapper.swift in Sources */ = {isa = PBXBuildFile; fileRef = F8B56DD62806D04300C210AD /* ErrorWrapper.swift */; };
		F8B56DD92806D27300C210AD /* ErrorView.swift in Sources */ = {isa = PBXBuildFile; fileRef = F8B56DD82806D27300C210AD /* ErrorView.swift */; };
		F8B56DDB2806DDDD00C210AD /* MeetingTimerView.swift in Sources */ = {isa = PBXBuildFile; fileRef = F8B56DDA2806DDDD00C210AD /* MeetingTimerView.swift */; };
		F8F72BDA27F9811E001CC38B /* MeetingHeaderView.swift in Sources */ = {isa = PBXBuildFile; fileRef = F8F72BD927F9811E001CC38B /* MeetingHeaderView.swift */; };
		F8F72BDC27F989E8001CC38B /* ScrumProgressViewStyle.swift in Sources */ = {isa = PBXBuildFile; fileRef = F8F72BDB27F989E8001CC38B /* ScrumProgressViewStyle.swift */; };
		F8F72BDE27F98D08001CC38B /* ScrumTimer.swift in Sources */ = {isa = PBXBuildFile; fileRef = F8F72BDD27F98D08001CC38B /* ScrumTimer.swift */; };
		F8F72BE027FC19C2001CC38B /* MeetingFooterView.swift in Sources */ = {isa = PBXBuildFile; fileRef = F8F72BDF27FC19C2001CC38B /* MeetingFooterView.swift */; };
		F8F72BE327FC202A001CC38B /* ding.wav in Resources */ = {isa = PBXBuildFile; fileRef = F8F72BE227FC202A001CC38B /* ding.wav */; };
		F8F72BE527FC209B001CC38B /* AVPlayer+Ding.swift in Sources */ = {isa = PBXBuildFile; fileRef = F8F72BE427FC209B001CC38B /* AVPlayer+Ding.swift */; };
		F8F72BE727FC2928001CC38B /* History.swift in Sources */ = {isa = PBXBuildFile; fileRef = F8F72BE627FC2928001CC38B /* History.swift */; };
		F8F72BEB27FC6B3B001CC38B /* ScrumStore.swift in Sources */ = {isa = PBXBuildFile; fileRef = F8F72BEA27FC6B3B001CC38B /* ScrumStore.swift */; };
/* End PBXBuildFile section */

/* Begin PBXFileReference section */
		F823019827E98E9300C4F21B /* Theme.swift */ = {isa = PBXFileReference; lastKnownFileType = sourcecode.swift; path = Theme.swift; sourceTree = "<group>"; };
		F82301CD27E9A36B00C4F21B /* DailyScrum.swift */ = {isa = PBXFileReference; lastKnownFileType = sourcecode.swift; path = DailyScrum.swift; sourceTree = "<group>"; };
		F82301CF27E9AF0400C4F21B /* CardView.swift */ = {isa = PBXFileReference; lastKnownFileType = sourcecode.swift; path = CardView.swift; sourceTree = "<group>"; };
		F82301D227E9BBBC00C4F21B /* TrailingIconLabelStyle.swift */ = {isa = PBXFileReference; lastKnownFileType = sourcecode.swift; path = TrailingIconLabelStyle.swift; sourceTree = "<group>"; };
		F82301D427E9FC3800C4F21B /* ScrumsView.swift */ = {isa = PBXFileReference; lastKnownFileType = sourcecode.swift; path = ScrumsView.swift; sourceTree = "<group>"; };
		F82301D627EABFC500C4F21B /* DetailView.swift */ = {isa = PBXFileReference; lastKnownFileType = sourcecode.swift; path = DetailView.swift; sourceTree = "<group>"; };
		F82301D827EB003D00C4F21B /* DetailEditView.swift */ = {isa = PBXFileReference; lastKnownFileType = sourcecode.swift; path = DetailEditView.swift; sourceTree = "<group>"; };
		F82301DA27EB0E7A00C4F21B /* ThemeView.swift */ = {isa = PBXFileReference; lastKnownFileType = sourcecode.swift; path = ThemeView.swift; sourceTree = "<group>"; };
		F82301DC27EB0FC100C4F21B /* ThemePicker.swift */ = {isa = PBXFileReference; lastKnownFileType = sourcecode.swift; path = ThemePicker.swift; sourceTree = "<group>"; };
		F88FCAD627E863EE003A229E /* Scrumdinger.app */ = {isa = PBXFileReference; explicitFileType = wrapper.application; includeInIndex = 0; path = Scrumdinger.app; sourceTree = BUILT_PRODUCTS_DIR; };
		F88FCAD927E863EE003A229E /* ScrumdingerApp.swift */ = {isa = PBXFileReference; lastKnownFileType = sourcecode.swift; path = ScrumdingerApp.swift; sourceTree = "<group>"; };
		F88FCADB27E863EE003A229E /* MeetingView.swift */ = {isa = PBXFileReference; lastKnownFileType = sourcecode.swift; path = MeetingView.swift; sourceTree = "<group>"; };
		F88FCADD27E863EF003A229E /* Assets.xcassets */ = {isa = PBXFileReference; lastKnownFileType = folder.assetcatalog; path = Assets.xcassets; sourceTree = "<group>"; };
		F88FCAE027E863EF003A229E /* Preview Assets.xcassets */ = {isa = PBXFileReference; lastKnownFileType = folder.assetcatalog; path = "Preview Assets.xcassets"; sourceTree = "<group>"; };
		F8B56DD62806D04300C210AD /* ErrorWrapper.swift */ = {isa = PBXFileReference; lastKnownFileType = sourcecode.swift; path = ErrorWrapper.swift; sourceTree = "<group>"; };
		F8B56DD82806D27300C210AD /* ErrorView.swift */ = {isa = PBXFileReference; lastKnownFileType = sourcecode.swift; path = ErrorView.swift; sourceTree = "<group>"; };
		F8B56DDA2806DDDD00C210AD /* MeetingTimerView.swift */ = {isa = PBXFileReference; lastKnownFileType = sourcecode.swift; path = MeetingTimerView.swift; sourceTree = "<group>"; };
		F8F72BD927F9811E001CC38B /* MeetingHeaderView.swift */ = {isa = PBXFileReference; lastKnownFileType = sourcecode.swift; path = MeetingHeaderView.swift; sourceTree = "<group>"; };
		F8F72BDB27F989E8001CC38B /* ScrumProgressViewStyle.swift */ = {isa = PBXFileReference; lastKnownFileType = sourcecode.swift; path = ScrumProgressViewStyle.swift; sourceTree = "<group>"; };
		F8F72BDD27F98D08001CC38B /* ScrumTimer.swift */ = {isa = PBXFileReference; lastKnownFileType = sourcecode.swift; path = ScrumTimer.swift; sourceTree = "<group>"; };
		F8F72BDF27FC19C2001CC38B /* MeetingFooterView.swift */ = {isa = PBXFileReference; lastKnownFileType = sourcecode.swift; path = MeetingFooterView.swift; sourceTree = "<group>"; };
		F8F72BE227FC202A001CC38B /* ding.wav */ = {isa = PBXFileReference; lastKnownFileType = audio.wav; path = ding.wav; sourceTree = "<group>"; };
		F8F72BE427FC209B001CC38B /* AVPlayer+Ding.swift */ = {isa = PBXFileReference; lastKnownFileType = sourcecode.swift; path = "AVPlayer+Ding.swift"; sourceTree = "<group>"; };
		F8F72BE627FC2928001CC38B /* History.swift */ = {isa = PBXFileReference; lastKnownFileType = sourcecode.swift; path = History.swift; sourceTree = "<group>"; };
		F8F72BEA27FC6B3B001CC38B /* ScrumStore.swift */ = {isa = PBXFileReference; lastKnownFileType = sourcecode.swift; path = ScrumStore.swift; sourceTree = "<group>"; };
/* End PBXFileReference section */

/* Begin PBXFrameworksBuildPhase section */
		F88FCAD327E863EE003A229E /* Frameworks */ = {
			isa = PBXFrameworksBuildPhase;
			buildActionMask = 2147483647;
			files = (
			);
			runOnlyForDeploymentPostprocessing = 0;
		};
/* End PBXFrameworksBuildPhase section */

/* Begin PBXGroup section */
		F82301D127E9BBAE00C4F21B /* Protocol */ = {
			isa = PBXGroup;
			children = (
				F82301D227E9BBBC00C4F21B /* TrailingIconLabelStyle.swift */,
			);
			path = Protocol;
			sourceTree = "<group>";
		};
		F86C2C0527E87C6B006A75BC /* View */ = {
			isa = PBXGroup;
			children = (
				F82301CF27E9AF0400C4F21B /* CardView.swift */,
				F82301D427E9FC3800C4F21B /* ScrumsView.swift */,
				F82301D627EABFC500C4F21B /* DetailView.swift */,
				F82301D827EB003D00C4F21B /* DetailEditView.swift */,
				F82301DA27EB0E7A00C4F21B /* ThemeView.swift */,
				F82301DC27EB0FC100C4F21B /* ThemePicker.swift */,
				F8F72BD927F9811E001CC38B /* MeetingHeaderView.swift */,
				F8F72BDD27F98D08001CC38B /* ScrumTimer.swift */,
				F88FCADB27E863EE003A229E /* MeetingView.swift */,
				F8F72BDF27FC19C2001CC38B /* MeetingFooterView.swift */,
				F8B56DD82806D27300C210AD /* ErrorView.swift */,
				F8B56DDA2806DDDD00C210AD /* MeetingTimerView.swift */,
			);
			path = View;
			sourceTree = "<group>";
		};
		F86C2C0627E87C70006A75BC /* Models */ = {
			isa = PBXGroup;
			children = (
				F823019827E98E9300C4F21B /* Theme.swift */,
				F82301CD27E9A36B00C4F21B /* DailyScrum.swift */,
				F8F72BE627FC2928001CC38B /* History.swift */,
				F8F72BEA27FC6B3B001CC38B /* ScrumStore.swift */,
				F8B56DD62806D04300C210AD /* ErrorWrapper.swift */,
			);
			path = Models;
			sourceTree = "<group>";
		};
		F88FCACD27E863EE003A229E = {
			isa = PBXGroup;
			children = (
				F88FCAD827E863EE003A229E /* Scrumdinger */,
				F88FCAD727E863EE003A229E /* Products */,
			);
			sourceTree = "<group>";
		};
		F88FCAD727E863EE003A229E /* Products */ = {
			isa = PBXGroup;
			children = (
				F88FCAD627E863EE003A229E /* Scrumdinger.app */,
			);
			name = Products;
			sourceTree = "<group>";
		};
		F88FCAD827E863EE003A229E /* Scrumdinger */ = {
			isa = PBXGroup;
			children = (
				F8F72BE127FC2021001CC38B /* Resources */,
				F88FCAD927E863EE003A229E /* ScrumdingerApp.swift */,
				F8F72BDB27F989E8001CC38B /* ScrumProgressViewStyle.swift */,
				F8F72BE427FC209B001CC38B /* AVPlayer+Ding.swift */,
				F82301D127E9BBAE00C4F21B /* Protocol */,
				F86C2C0627E87C70006A75BC /* Models */,
				F86C2C0527E87C6B006A75BC /* View */,
				F88FCADD27E863EF003A229E /* Assets.xcassets */,
				F88FCADF27E863EF003A229E /* Preview Content */,
			);
			path = Scrumdinger;
			sourceTree = "<group>";
		};
		F88FCADF27E863EF003A229E /* Preview Content */ = {
			isa = PBXGroup;
			children = (
				F88FCAE027E863EF003A229E /* Preview Assets.xcassets */,
			);
			path = "Preview Content";
			sourceTree = "<group>";
		};
		F8F72BE127FC2021001CC38B /* Resources */ = {
			isa = PBXGroup;
			children = (
				F8F72BE227FC202A001CC38B /* ding.wav */,
			);
			path = Resources;
			sourceTree = "<group>";
		};
/* End PBXGroup section */

/* Begin PBXNativeTarget section */
		F88FCAD527E863EE003A229E /* Scrumdinger */ = {
			isa = PBXNativeTarget;
			buildConfigurationList = F88FCAE427E863EF003A229E /* Build configuration list for PBXNativeTarget "Scrumdinger" */;
			buildPhases = (
				F88FCAD227E863EE003A229E /* Sources */,
				F88FCAD327E863EE003A229E /* Frameworks */,
				F88FCAD427E863EE003A229E /* Resources */,
			);
			buildRules = (
			);
			dependencies = (
			);
			name = Scrumdinger;
			productName = Scrumdinger;
			productReference = F88FCAD627E863EE003A229E /* Scrumdinger.app */;
			productType = "com.apple.product-type.application";
		};
/* End PBXNativeTarget section */

/* Begin PBXProject section */
		F88FCACE27E863EE003A229E /* Project object */ = {
			isa = PBXProject;
			attributes = {
				BuildIndependentTargetsInParallel = 1;
				LastSwiftUpdateCheck = 1320;
				LastUpgradeCheck = 1320;
				TargetAttributes = {
					F88FCAD527E863EE003A229E = {
						CreatedOnToolsVersion = 13.2.1;
					};
				};
			};
			buildConfigurationList = F88FCAD127E863EE003A229E /* Build configuration list for PBXProject "Scrumdinger" */;
			compatibilityVersion = "Xcode 13.0";
			developmentRegion = en;
			hasScannedForEncodings = 0;
			knownRegions = (
				en,
				Base,
			);
			mainGroup = F88FCACD27E863EE003A229E;
			productRefGroup = F88FCAD727E863EE003A229E /* Products */;
			projectDirPath = "";
			projectRoot = "";
			targets = (
				F88FCAD527E863EE003A229E /* Scrumdinger */,
			);
		};
/* End PBXProject section */

/* Begin PBXResourcesBuildPhase section */
		F88FCAD427E863EE003A229E /* Resources */ = {
			isa = PBXResourcesBuildPhase;
			buildActionMask = 2147483647;
			files = (
				F8F72BE327FC202A001CC38B /* ding.wav in Resources */,
				F88FCAE127E863EF003A229E /* Preview Assets.xcassets in Resources */,
				F88FCADE27E863EF003A229E /* Assets.xcassets in Resources */,
			);
			runOnlyForDeploymentPostprocessing = 0;
		};
/* End PBXResourcesBuildPhase section */

/* Begin PBXSourcesBuildPhase section */
		F88FCAD227E863EE003A229E /* Sources */ = {
			isa = PBXSourcesBuildPhase;
			buildActionMask = 2147483647;
			files = (
				F8F72BE727FC2928001CC38B /* History.swift in Sources */,
				F8F72BDA27F9811E001CC38B /* MeetingHeaderView.swift in Sources */,
				F8F72BDC27F989E8001CC38B /* ScrumProgressViewStyle.swift in Sources */,
				F8F72BE027FC19C2001CC38B /* MeetingFooterView.swift in Sources */,
				F8F72BEB27FC6B3B001CC38B /* ScrumStore.swift in Sources */,
				F8F72BDE27F98D08001CC38B /* ScrumTimer.swift in Sources */,
				F82301DD27EB0FC100C4F21B /* ThemePicker.swift in Sources */,
				F8B56DDB2806DDDD00C210AD /* MeetingTimerView.swift in Sources */,
				F82301CE27E9A36B00C4F21B /* DailyScrum.swift in Sources */,
				F82301D727EABFC500C4F21B /* DetailView.swift in Sources */,
				F82301D927EB003D00C4F21B /* DetailEditView.swift in Sources */,
				F8B56DD72806D04300C210AD /* ErrorWrapper.swift in Sources */,
				F82301D327E9BBBC00C4F21B /* TrailingIconLabelStyle.swift in Sources */,
				F823019927E98E9300C4F21B /* Theme.swift in Sources */,
				F82301D527E9FC3800C4F21B /* ScrumsView.swift in Sources */,
				F88FCADC27E863EE003A229E /* MeetingView.swift in Sources */,
				F8B56DD92806D27300C210AD /* ErrorView.swift in Sources */,
				F88FCADA27E863EE003A229E /* ScrumdingerApp.swift in Sources */,
				F82301DB27EB0E7A00C4F21B /* ThemeView.swift in Sources */,
				F82301D027E9AF0400C4F21B /* CardView.swift in Sources */,
				F8F72BE527FC209B001CC38B /* AVPlayer+Ding.swift in Sources */,
			);
			runOnlyForDeploymentPostprocessing = 0;
		};
/* End PBXSourcesBuildPhase section */

/* Begin XCBuildConfiguration section */
		F88FCAE227E863EF003A229E /* Debug */ = {
			isa = XCBuildConfiguration;
			buildSettings = {
				ALWAYS_SEARCH_USER_PATHS = NO;
				CLANG_ANALYZER_NONNULL = YES;
				CLANG_ANALYZER_NUMBER_OBJECT_CONVERSION = YES_AGGRESSIVE;
				CLANG_CXX_LANGUAGE_STANDARD = "gnu++17";
				CLANG_CXX_LIBRARY = "libc++";
				CLANG_ENABLE_MODULES = YES;
				CLANG_ENABLE_OBJC_ARC = YES;
				CLANG_ENABLE_OBJC_WEAK = YES;
				CLANG_WARN_BLOCK_CAPTURE_AUTORELEASING = YES;
				CLANG_WARN_BOOL_CONVERSION = YES;
				CLANG_WARN_COMMA = YES;
				CLANG_WARN_CONSTANT_CONVERSION = YES;
				CLANG_WARN_DEPRECATED_OBJC_IMPLEMENTATIONS = YES;
				CLANG_WARN_DIRECT_OBJC_ISA_USAGE = YES_ERROR;
				CLANG_WARN_DOCUMENTATION_COMMENTS = YES;
				CLANG_WARN_EMPTY_BODY = YES;
				CLANG_WARN_ENUM_CONVERSION = YES;
				CLANG_WARN_INFINITE_RECURSION = YES;
				CLANG_WARN_INT_CONVERSION = YES;
				CLANG_WARN_NON_LITERAL_NULL_CONVERSION = YES;
				CLANG_WARN_OBJC_IMPLICIT_RETAIN_SELF = YES;
				CLANG_WARN_OBJC_LITERAL_CONVERSION = YES;
				CLANG_WARN_OBJC_ROOT_CLASS = YES_ERROR;
				CLANG_WARN_QUOTED_INCLUDE_IN_FRAMEWORK_HEADER = YES;
				CLANG_WARN_RANGE_LOOP_ANALYSIS = YES;
				CLANG_WARN_STRICT_PROTOTYPES = YES;
				CLANG_WARN_SUSPICIOUS_MOVE = YES;
				CLANG_WARN_UNGUARDED_AVAILABILITY = YES_AGGRESSIVE;
				CLANG_WARN_UNREACHABLE_CODE = YES;
				CLANG_WARN__DUPLICATE_METHOD_MATCH = YES;
				COPY_PHASE_STRIP = NO;
				DEBUG_INFORMATION_FORMAT = dwarf;
				ENABLE_STRICT_OBJC_MSGSEND = YES;
				ENABLE_TESTABILITY = YES;
				GCC_C_LANGUAGE_STANDARD = gnu11;
				GCC_DYNAMIC_NO_PIC = NO;
				GCC_NO_COMMON_BLOCKS = YES;
				GCC_OPTIMIZATION_LEVEL = 0;
				GCC_PREPROCESSOR_DEFINITIONS = (
					"DEBUG=1",
					"$(inherited)",
				);
				GCC_WARN_64_TO_32_BIT_CONVERSION = YES;
				GCC_WARN_ABOUT_RETURN_TYPE = YES_ERROR;
				GCC_WARN_UNDECLARED_SELECTOR = YES;
				GCC_WARN_UNINITIALIZED_AUTOS = YES_AGGRESSIVE;
				GCC_WARN_UNUSED_FUNCTION = YES;
				GCC_WARN_UNUSED_VARIABLE = YES;
				IPHONEOS_DEPLOYMENT_TARGET = 15.2;
				MTL_ENABLE_DEBUG_INFO = INCLUDE_SOURCE;
				MTL_FAST_MATH = YES;
				ONLY_ACTIVE_ARCH = YES;
				SDKROOT = iphoneos;
				SWIFT_ACTIVE_COMPILATION_CONDITIONS = DEBUG;
				SWIFT_OPTIMIZATION_LEVEL = "-Onone";
			};
			name = Debug;
		};
		F88FCAE327E863EF003A229E /* Release */ = {
			isa = XCBuildConfiguration;
			buildSettings = {
				ALWAYS_SEARCH_USER_PATHS = NO;
				CLANG_ANALYZER_NONNULL = YES;
				CLANG_ANALYZER_NUMBER_OBJECT_CONVERSION = YES_AGGRESSIVE;
				CLANG_CXX_LANGUAGE_STANDARD = "gnu++17";
				CLANG_CXX_LIBRARY = "libc++";
				CLANG_ENABLE_MODULES = YES;
				CLANG_ENABLE_OBJC_ARC = YES;
				CLANG_ENABLE_OBJC_WEAK = YES;
				CLANG_WARN_BLOCK_CAPTURE_AUTORELEASING = YES;
				CLANG_WARN_BOOL_CONVERSION = YES;
				CLANG_WARN_COMMA = YES;
				CLANG_WARN_CONSTANT_CONVERSION = YES;
				CLANG_WARN_DEPRECATED_OBJC_IMPLEMENTATIONS = YES;
				CLANG_WARN_DIRECT_OBJC_ISA_USAGE = YES_ERROR;
				CLANG_WARN_DOCUMENTATION_COMMENTS = YES;
				CLANG_WARN_EMPTY_BODY = YES;
				CLANG_WARN_ENUM_CONVERSION = YES;
				CLANG_WARN_INFINITE_RECURSION = YES;
				CLANG_WARN_INT_CONVERSION = YES;
				CLANG_WARN_NON_LITERAL_NULL_CONVERSION = YES;
				CLANG_WARN_OBJC_IMPLICIT_RETAIN_SELF = YES;
				CLANG_WARN_OBJC_LITERAL_CONVERSION = YES;
				CLANG_WARN_OBJC_ROOT_CLASS = YES_ERROR;
				CLANG_WARN_QUOTED_INCLUDE_IN_FRAMEWORK_HEADER = YES;
				CLANG_WARN_RANGE_LOOP_ANALYSIS = YES;
				CLANG_WARN_STRICT_PROTOTYPES = YES;
				CLANG_WARN_SUSPICIOUS_MOVE = YES;
				CLANG_WARN_UNGUARDED_AVAILABILITY = YES_AGGRESSIVE;
				CLANG_WARN_UNREACHABLE_CODE = YES;
				CLANG_WARN__DUPLICATE_METHOD_MATCH = YES;
				COPY_PHASE_STRIP = NO;
				DEBUG_INFORMATION_FORMAT = "dwarf-with-dsym";
				ENABLE_NS_ASSERTIONS = NO;
				ENABLE_STRICT_OBJC_MSGSEND = YES;
				GCC_C_LANGUAGE_STANDARD = gnu11;
				GCC_NO_COMMON_BLOCKS = YES;
				GCC_WARN_64_TO_32_BIT_CONVERSION = YES;
				GCC_WARN_ABOUT_RETURN_TYPE = YES_ERROR;
				GCC_WARN_UNDECLARED_SELECTOR = YES;
				GCC_WARN_UNINITIALIZED_AUTOS = YES_AGGRESSIVE;
				GCC_WARN_UNUSED_FUNCTION = YES;
				GCC_WARN_UNUSED_VARIABLE = YES;
				IPHONEOS_DEPLOYMENT_TARGET = 15.2;
				MTL_ENABLE_DEBUG_INFO = NO;
				MTL_FAST_MATH = YES;
				SDKROOT = iphoneos;
				SWIFT_COMPILATION_MODE = wholemodule;
				SWIFT_OPTIMIZATION_LEVEL = "-O";
				VALIDATE_PRODUCT = YES;
			};
			name = Release;
		};
		F88FCAE527E863EF003A229E /* Debug */ = {
			isa = XCBuildConfiguration;
			buildSettings = {
				ASSETCATALOG_COMPILER_APPICON_NAME = AppIcon;
				ASSETCATALOG_COMPILER_GLOBAL_ACCENT_COLOR_NAME = AccentColor;
				CODE_SIGN_STYLE = Automatic;
				CURRENT_PROJECT_VERSION = 1;
				DEVELOPMENT_ASSET_PATHS = "\"Scrumdinger/Preview Content\"";
				DEVELOPMENT_TEAM = T8C9SSEX5G;
				ENABLE_PREVIEWS = YES;
				GENERATE_INFOPLIST_FILE = YES;
				INFOPLIST_KEY_UIApplicationSceneManifest_Generation = YES;
				INFOPLIST_KEY_UIApplicationSupportsIndirectInputEvents = YES;
				INFOPLIST_KEY_UILaunchScreen_Generation = YES;
				INFOPLIST_KEY_UISupportedInterfaceOrientations_iPad = "UIInterfaceOrientationPortrait UIInterfaceOrientationPortraitUpsideDown UIInterfaceOrientationLandscapeLeft UIInterfaceOrientationLandscapeRight";
				INFOPLIST_KEY_UISupportedInterfaceOrientations_iPhone = "UIInterfaceOrientationPortrait UIInterfaceOrientationLandscapeLeft UIInterfaceOrientationLandscapeRight";
				LD_RUNPATH_SEARCH_PATHS = (
					"$(inherited)",
					"@executable_path/Frameworks",
				);
				MARKETING_VERSION = 1.0;
				PRODUCT_BUNDLE_IDENTIFIER = com.exemple.Scrumdinger.Scrumdinger;
				PRODUCT_NAME = "$(TARGET_NAME)";
				SWIFT_EMIT_LOC_STRINGS = YES;
				SWIFT_VERSION = 5.0;
				TARGETED_DEVICE_FAMILY = "1,2";
			};
			name = Debug;
		};
		F88FCAE627E863EF003A229E /* Release */ = {
			isa = XCBuildConfiguration;
			buildSettings = {
				ASSETCATALOG_COMPILER_APPICON_NAME = AppIcon;
				ASSETCATALOG_COMPILER_GLOBAL_ACCENT_COLOR_NAME = AccentColor;
				CODE_SIGN_STYLE = Automatic;
				CURRENT_PROJECT_VERSION = 1;
				DEVELOPMENT_ASSET_PATHS = "\"Scrumdinger/Preview Content\"";
				DEVELOPMENT_TEAM = T8C9SSEX5G;
				ENABLE_PREVIEWS = YES;
				GENERATE_INFOPLIST_FILE = YES;
				INFOPLIST_KEY_UIApplicationSceneManifest_Generation = YES;
				INFOPLIST_KEY_UIApplicationSupportsIndirectInputEvents = YES;
				INFOPLIST_KEY_UILaunchScreen_Generation = YES;
				INFOPLIST_KEY_UISupportedInterfaceOrientations_iPad = "UIInterfaceOrientationPortrait UIInterfaceOrientationPortraitUpsideDown UIInterfaceOrientationLandscapeLeft UIInterfaceOrientationLandscapeRight";
				INFOPLIST_KEY_UISupportedInterfaceOrientations_iPhone = "UIInterfaceOrientationPortrait UIInterfaceOrientationLandscapeLeft UIInterfaceOrientationLandscapeRight";
				LD_RUNPATH_SEARCH_PATHS = (
					"$(inherited)",
					"@executable_path/Frameworks",
				);
				MARKETING_VERSION = 1.0;
				PRODUCT_BUNDLE_IDENTIFIER = com.exemple.Scrumdinger.Scrumdinger;
				PRODUCT_NAME = "$(TARGET_NAME)";
				SWIFT_EMIT_LOC_STRINGS = YES;
				SWIFT_VERSION = 5.0;
				TARGETED_DEVICE_FAMILY = "1,2";
			};
			name = Release;
		};
/* End XCBuildConfiguration section */

/* Begin XCConfigurationList section */
		F88FCAD127E863EE003A229E /* Build configuration list for PBXProject "Scrumdinger" */ = {
			isa = XCConfigurationList;
			buildConfigurations = (
				F88FCAE227E863EF003A229E /* Debug */,
				F88FCAE327E863EF003A229E /* Release */,
			);
			defaultConfigurationIsVisible = 0;
			defaultConfigurationName = Release;
		};
		F88FCAE427E863EF003A229E /* Build configuration list for PBXNativeTarget "Scrumdinger" */ = {
			isa = XCConfigurationList;
			buildConfigurations = (
				F88FCAE527E863EF003A229E /* Debug */,
				F88FCAE627E863EF003A229E /* Release */,
			);
			defaultConfigurationIsVisible = 0;
			defaultConfigurationName = Release;
		};
/* End XCConfigurationList section */
	};
	rootObject = F88FCACE27E863EE003A229E /* Project object */;
}
