// !$*UTF8*$!
{
	archiveVersion = 1;
	classes = {
	};
	objectVersion = 55;
	objects = {

/* Begin PBXBuildFile section */
		F8688DE727E08B6100BD498D /* ImageGalleryApp.swift in Sources */ = {isa = PBXBuildFile; fileRef = F8688DE627E08B6100BD498D /* ImageGalleryApp.swift */; };
		F8688DE927E08B6100BD498D /* ContentView.swift in Sources */ = {isa = PBXBuildFile; fileRef = F8688DE827E08B6100BD498D /* ContentView.swift */; };
		F8688DEB27E08B6200BD498D /* Assets.xcassets in Resources */ = {isa = PBXBuildFile; fileRef = F8688DEA27E08B6200BD498D /* Assets.xcassets */; };
		F8688DEE27E08B6200BD498D /* Preview Assets.xcassets in Resources */ = {isa = PBXBuildFile; fileRef = F8688DED27E08B6200BD498D /* Preview Assets.xcassets */; };
		F8688DF727E0964000BD498D /* DataModel.swift in Sources */ = {isa = PBXBuildFile; fileRef = F8688DF627E0964000BD498D /* DataModel.swift */; };
		F8688DF927E0964C00BD498D /* GridView.swift in Sources */ = {isa = PBXBuildFile; fileRef = F8688DF827E0964C00BD498D /* GridView.swift */; };
		F8688DFB27E0969C00BD498D /* Item.swift in Sources */ = {isa = PBXBuildFile; fileRef = F8688DFA27E0969C00BD498D /* Item.swift */; };
		F8688E1327E09E0400BD498D /* groundSquirrel.jpg in Resources */ = {isa = PBXBuildFile; fileRef = F8688DFD27E09E0400BD498D /* groundSquirrel.jpg */; };
		F8688E1427E09E0400BD498D /* yellowBelliedMarmot.jpg in Resources */ = {isa = PBXBuildFile; fileRef = F8688DFE27E09E0400BD498D /* yellowBelliedMarmot.jpg */; };
		F8688E1527E09E0400BD498D /* bullTuleElkAndTwoFemales.jpg in Resources */ = {isa = PBXBuildFile; fileRef = F8688DFF27E09E0400BD498D /* bullTuleElkAndTwoFemales.jpg */; };
		F8688E1627E09E0400BD498D /* soaringTheRainbow.jpg in Resources */ = {isa = PBXBuildFile; fileRef = F8688E0027E09E0400BD498D /* soaringTheRainbow.jpg */; };
		F8688E1727E09E0400BD498D /* harborSealPup.jpg in Resources */ = {isa = PBXBuildFile; fileRef = F8688E0127E09E0400BD498D /* harborSealPup.jpg */; };
		F8688E1827E09E0400BD498D /* grizzlyCubs.jpg in Resources */ = {isa = PBXBuildFile; fileRef = F8688E0227E09E0400BD498D /* grizzlyCubs.jpg */; };
		F8688E1927E09E0400BD498D /* redTailedHawk.jpg in Resources */ = {isa = PBXBuildFile; fileRef = F8688E0327E09E0400BD498D /* redTailedHawk.jpg */; };
		F8688E1A27E09E0400BD498D /* doubleRainbowLowerMammoth.jpg in Resources */ = {isa = PBXBuildFile; fileRef = F8688E0427E09E0400BD498D /* doubleRainbowLowerMammoth.jpg */; };
		F8688E1B27E09E0400BD498D /* newGrowthOfAntlers.jpg in Resources */ = {isa = PBXBuildFile; fileRef = F8688E0527E09E0400BD498D /* newGrowthOfAntlers.jpg */; };
		F8688E1C27E09E0400BD498D /* harborSeal.jpg in Resources */ = {isa = PBXBuildFile; fileRef = F8688E0627E09E0400BD498D /* harborSeal.jpg */; };
		F8688E1D27E09E0400BD498D /* sunriseAtGrottoGeyser.jpg in Resources */ = {isa = PBXBuildFile; fileRef = F8688E0727E09E0400BD498D /* sunriseAtGrottoGeyser.jpg */; };
		F8688E1E27E09E0400BD498D /* owlsAtMammoth.jpg in Resources */ = {isa = PBXBuildFile; fileRef = F8688E0827E09E0400BD498D /* owlsAtMammoth.jpg */; };
		F8688E1F27E09E0400BD498D /* heartSpring.jpg in Resources */ = {isa = PBXBuildFile; fileRef = F8688E0927E09E0400BD498D /* heartSpring.jpg */; };
		F8688E2027E09E0400BD498D /* bobcat.jpg in Resources */ = {isa = PBXBuildFile; fileRef = F8688E0A27E09E0400BD498D /* bobcat.jpg */; };
		F8688E2127E09E0400BD498D /* doubleRainbowYellowstone.jpg in Resources */ = {isa = PBXBuildFile; fileRef = F8688E0B27E09E0400BD498D /* doubleRainbowYellowstone.jpg */; };
		F8688E2227E09E0400BD498D /* bullElk.jpg in Resources */ = {isa = PBXBuildFile; fileRef = F8688E0C27E09E0400BD498D /* bullElk.jpg */; };
		F8688E2327E09E0400BD498D /* coyoteAndBison.jpg in Resources */ = {isa = PBXBuildFile; fileRef = F8688E0D27E09E0400BD498D /* coyoteAndBison.jpg */; };
		F8688E2427E09E0400BD498D /* riverOtter.jpg in Resources */ = {isa = PBXBuildFile; fileRef = F8688E0E27E09E0400BD498D /* riverOtter.jpg */; };
		F8688E2527E09E0400BD498D /* bullElkSparring.jpg in Resources */ = {isa = PBXBuildFile; fileRef = F8688E0F27E09E0400BD498D /* bullElkSparring.jpg */; };
		F8688E2627E09E0400BD498D /* grizzly.jpg in Resources */ = {isa = PBXBuildFile; fileRef = F8688E1027E09E0400BD498D /* grizzly.jpg */; };
		F8688E2727E09E0400BD498D /* towerCreekBASIN.jpg in Resources */ = {isa = PBXBuildFile; fileRef = F8688E1127E09E0400BD498D /* towerCreekBASIN.jpg */; };
		F8688E2827E09E0400BD498D /* rainbowAndBadlands.jpg in Resources */ = {isa = PBXBuildFile; fileRef = F8688E1227E09E0400BD498D /* rainbowAndBadlands.jpg */; };
		F8688E2C27E09F9C00BD498D /* GridItemView.swift in Sources */ = {isa = PBXBuildFile; fileRef = F8688E2B27E09F9C00BD498D /* GridItemView.swift */; };
		F8688E2E27E09FB100BD498D /* FileManagerExtensions.swift in Sources */ = {isa = PBXBuildFile; fileRef = F8688E2D27E09FB100BD498D /* FileManagerExtensions.swift */; };
		F8688E3627E0A3C600BD498D /* ColumnStepper.swift in Sources */ = {isa = PBXBuildFile; fileRef = F8688E3527E0A3C600BD498D /* ColumnStepper.swift */; };
		F8688E3827E0A3CB00BD498D /* DetailView.swift in Sources */ = {isa = PBXBuildFile; fileRef = F8688E3727E0A3CB00BD498D /* DetailView.swift */; };
		F8688E3A27E0A3D000BD498D /* PhotoPicker.swift in Sources */ = {isa = PBXBuildFile; fileRef = F8688E3927E0A3D000BD498D /* PhotoPicker.swift */; };
/* End PBXBuildFile section */

/* Begin PBXFileReference section */
		F8688DE327E08B6100BD498D /* ImageGallery.app */ = {isa = PBXFileReference; explicitFileType = wrapper.application; includeInIndex = 0; path = ImageGallery.app; sourceTree = BUILT_PRODUCTS_DIR; };
		F8688DE627E08B6100BD498D /* ImageGalleryApp.swift */ = {isa = PBXFileReference; lastKnownFileType = sourcecode.swift; path = ImageGalleryApp.swift; sourceTree = "<group>"; };
		F8688DE827E08B6100BD498D /* ContentView.swift */ = {isa = PBXFileReference; lastKnownFileType = sourcecode.swift; path = ContentView.swift; sourceTree = "<group>"; };
		F8688DEA27E08B6200BD498D /* Assets.xcassets */ = {isa = PBXFileReference; lastKnownFileType = folder.assetcatalog; path = Assets.xcassets; sourceTree = "<group>"; };
		F8688DED27E08B6200BD498D /* Preview Assets.xcassets */ = {isa = PBXFileReference; lastKnownFileType = folder.assetcatalog; path = "Preview Assets.xcassets"; sourceTree = "<group>"; };
		F8688DF627E0964000BD498D /* DataModel.swift */ = {isa = PBXFileReference; lastKnownFileType = sourcecode.swift; path = DataModel.swift; sourceTree = "<group>"; };
		F8688DF827E0964C00BD498D /* GridView.swift */ = {isa = PBXFileReference; lastKnownFileType = sourcecode.swift; path = GridView.swift; sourceTree = "<group>"; };
		F8688DFA27E0969C00BD498D /* Item.swift */ = {isa = PBXFileReference; lastKnownFileType = sourcecode.swift; path = Item.swift; sourceTree = "<group>"; };
		F8688DFD27E09E0400BD498D /* groundSquirrel.jpg */ = {isa = PBXFileReference; lastKnownFileType = image.jpeg; path = groundSquirrel.jpg; sourceTree = "<group>"; };
		F8688DFE27E09E0400BD498D /* yellowBelliedMarmot.jpg */ = {isa = PBXFileReference; lastKnownFileType = image.jpeg; path = yellowBelliedMarmot.jpg; sourceTree = "<group>"; };
		F8688DFF27E09E0400BD498D /* bullTuleElkAndTwoFemales.jpg */ = {isa = PBXFileReference; lastKnownFileType = image.jpeg; path = bullTuleElkAndTwoFemales.jpg; sourceTree = "<group>"; };
		F8688E0027E09E0400BD498D /* soaringTheRainbow.jpg */ = {isa = PBXFileReference; lastKnownFileType = image.jpeg; path = soaringTheRainbow.jpg; sourceTree = "<group>"; };
		F8688E0127E09E0400BD498D /* harborSealPup.jpg */ = {isa = PBXFileReference; lastKnownFileType = image.jpeg; path = harborSealPup.jpg; sourceTree = "<group>"; };
		F8688E0227E09E0400BD498D /* grizzlyCubs.jpg */ = {isa = PBXFileReference; lastKnownFileType = image.jpeg; path = grizzlyCubs.jpg; sourceTree = "<group>"; };
		F8688E0327E09E0400BD498D /* redTailedHawk.jpg */ = {isa = PBXFileReference; lastKnownFileType = image.jpeg; path = redTailedHawk.jpg; sourceTree = "<group>"; };
		F8688E0427E09E0400BD498D /* doubleRainbowLowerMammoth.jpg */ = {isa = PBXFileReference; lastKnownFileType = image.jpeg; path = doubleRainbowLowerMammoth.jpg; sourceTree = "<group>"; };
		F8688E0527E09E0400BD498D /* newGrowthOfAntlers.jpg */ = {isa = PBXFileReference; lastKnownFileType = image.jpeg; path = newGrowthOfAntlers.jpg; sourceTree = "<group>"; };
		F8688E0627E09E0400BD498D /* harborSeal.jpg */ = {isa = PBXFileReference; lastKnownFileType = image.jpeg; path = harborSeal.jpg; sourceTree = "<group>"; };
		F8688E0727E09E0400BD498D /* sunriseAtGrottoGeyser.jpg */ = {isa = PBXFileReference; lastKnownFileType = image.jpeg; path = sunriseAtGrottoGeyser.jpg; sourceTree = "<group>"; };
		F8688E0827E09E0400BD498D /* owlsAtMammoth.jpg */ = {isa = PBXFileReference; lastKnownFileType = image.jpeg; path = owlsAtMammoth.jpg; sourceTree = "<group>"; };
		F8688E0927E09E0400BD498D /* heartSpring.jpg */ = {isa = PBXFileReference; lastKnownFileType = image.jpeg; path = heartSpring.jpg; sourceTree = "<group>"; };
		F8688E0A27E09E0400BD498D /* bobcat.jpg */ = {isa = PBXFileReference; lastKnownFileType = image.jpeg; path = bobcat.jpg; sourceTree = "<group>"; };
		F8688E0B27E09E0400BD498D /* doubleRainbowYellowstone.jpg */ = {isa = PBXFileReference; lastKnownFileType = image.jpeg; path = doubleRainbowYellowstone.jpg; sourceTree = "<group>"; };
		F8688E0C27E09E0400BD498D /* bullElk.jpg */ = {isa = PBXFileReference; lastKnownFileType = image.jpeg; path = bullElk.jpg; sourceTree = "<group>"; };
		F8688E0D27E09E0400BD498D /* coyoteAndBison.jpg */ = {isa = PBXFileReference; lastKnownFileType = image.jpeg; path = coyoteAndBison.jpg; sourceTree = "<group>"; };
		F8688E0E27E09E0400BD498D /* riverOtter.jpg */ = {isa = PBXFileReference; lastKnownFileType = image.jpeg; path = riverOtter.jpg; sourceTree = "<group>"; };
		F8688E0F27E09E0400BD498D /* bullElkSparring.jpg */ = {isa = PBXFileReference; lastKnownFileType = image.jpeg; path = bullElkSparring.jpg; sourceTree = "<group>"; };
		F8688E1027E09E0400BD498D /* grizzly.jpg */ = {isa = PBXFileReference; lastKnownFileType = image.jpeg; path = grizzly.jpg; sourceTree = "<group>"; };
		F8688E1127E09E0400BD498D /* towerCreekBASIN.jpg */ = {isa = PBXFileReference; lastKnownFileType = image.jpeg; path = towerCreekBASIN.jpg; sourceTree = "<group>"; };
		F8688E1227E09E0400BD498D /* rainbowAndBadlands.jpg */ = {isa = PBXFileReference; lastKnownFileType = image.jpeg; path = rainbowAndBadlands.jpg; sourceTree = "<group>"; };
		F8688E2B27E09F9C00BD498D /* GridItemView.swift */ = {isa = PBXFileReference; lastKnownFileType = sourcecode.swift; path = GridItemView.swift; sourceTree = "<group>"; };
		F8688E2D27E09FB100BD498D /* FileManagerExtensions.swift */ = {isa = PBXFileReference; lastKnownFileType = sourcecode.swift; path = FileManagerExtensions.swift; sourceTree = "<group>"; };
		F8688E3527E0A3C600BD498D /* ColumnStepper.swift */ = {isa = PBXFileReference; fileEncoding = 4; lastKnownFileType = sourcecode.swift; path = ColumnStepper.swift; sourceTree = "<group>"; };
		F8688E3727E0A3CB00BD498D /* DetailView.swift */ = {isa = PBXFileReference; fileEncoding = 4; lastKnownFileType = sourcecode.swift; path = DetailView.swift; sourceTree = "<group>"; };
		F8688E3927E0A3D000BD498D /* PhotoPicker.swift */ = {isa = PBXFileReference; fileEncoding = 4; lastKnownFileType = sourcecode.swift; path = PhotoPicker.swift; sourceTree = "<group>"; };
/* End PBXFileReference section */

/* Begin PBXFrameworksBuildPhase section */
		F8688DE027E08B6100BD498D /* Frameworks */ = {
			isa = PBXFrameworksBuildPhase;
			buildActionMask = 2147483647;
			files = (
			);
			runOnlyForDeploymentPostprocessing = 0;
		};
/* End PBXFrameworksBuildPhase section */

/* Begin PBXGroup section */
		F8688DDA27E08B6100BD498D = {
			isa = PBXGroup;
			children = (
				F8688DE527E08B6100BD498D /* ImageGallery */,
				F8688DE427E08B6100BD498D /* Products */,
			);
			sourceTree = "<group>";
		};
		F8688DE427E08B6100BD498D /* Products */ = {
			isa = PBXGroup;
			children = (
				F8688DE327E08B6100BD498D /* ImageGallery.app */,
			);
			name = Products;
			sourceTree = "<group>";
		};
		F8688DE527E08B6100BD498D /* ImageGallery */ = {
			isa = PBXGroup;
			children = (
				F8688E3927E0A3D000BD498D /* PhotoPicker.swift */,
				F8688E2D27E09FB100BD498D /* FileManagerExtensions.swift */,
				F8688DFC27E09E0400BD498D /* Resources */,
				F8688DF427E0949F00BD498D /* View */,
				F8688DF527E094A300BD498D /* Model */,
				F8688DE627E08B6100BD498D /* ImageGalleryApp.swift */,
				F8688DE827E08B6100BD498D /* ContentView.swift */,
				F8688DEA27E08B6200BD498D /* Assets.xcassets */,
				F8688DEC27E08B6200BD498D /* Preview Content */,
			);
			path = ImageGallery;
			sourceTree = "<group>";
		};
		F8688DEC27E08B6200BD498D /* Preview Content */ = {
			isa = PBXGroup;
			children = (
				F8688DED27E08B6200BD498D /* Preview Assets.xcassets */,
			);
			path = "Preview Content";
			sourceTree = "<group>";
		};
		F8688DF427E0949F00BD498D /* View */ = {
			isa = PBXGroup;
			children = (
				F8688E3727E0A3CB00BD498D /* DetailView.swift */,
				F8688E3527E0A3C600BD498D /* ColumnStepper.swift */,
				F8688DF827E0964C00BD498D /* GridView.swift */,
				F8688E2B27E09F9C00BD498D /* GridItemView.swift */,
			);
			path = View;
			sourceTree = "<group>";
		};
		F8688DF527E094A300BD498D /* Model */ = {
			isa = PBXGroup;
			children = (
				F8688DF627E0964000BD498D /* DataModel.swift */,
				F8688DFA27E0969C00BD498D /* Item.swift */,
			);
			path = Model;
			sourceTree = "<group>";
		};
		F8688DFC27E09E0400BD498D /* Resources */ = {
			isa = PBXGroup;
			children = (
				F8688DFD27E09E0400BD498D /* groundSquirrel.jpg */,
				F8688DFE27E09E0400BD498D /* yellowBelliedMarmot.jpg */,
				F8688DFF27E09E0400BD498D /* bullTuleElkAndTwoFemales.jpg */,
				F8688E0027E09E0400BD498D /* soaringTheRainbow.jpg */,
				F8688E0127E09E0400BD498D /* harborSealPup.jpg */,
				F8688E0227E09E0400BD498D /* grizzlyCubs.jpg */,
				F8688E0327E09E0400BD498D /* redTailedHawk.jpg */,
				F8688E0427E09E0400BD498D /* doubleRainbowLowerMammoth.jpg */,
				F8688E0527E09E0400BD498D /* newGrowthOfAntlers.jpg */,
				F8688E0627E09E0400BD498D /* harborSeal.jpg */,
				F8688E0727E09E0400BD498D /* sunriseAtGrottoGeyser.jpg */,
				F8688E0827E09E0400BD498D /* owlsAtMammoth.jpg */,
				F8688E0927E09E0400BD498D /* heartSpring.jpg */,
				F8688E0A27E09E0400BD498D /* bobcat.jpg */,
				F8688E0B27E09E0400BD498D /* doubleRainbowYellowstone.jpg */,
				F8688E0C27E09E0400BD498D /* bullElk.jpg */,
				F8688E0D27E09E0400BD498D /* coyoteAndBison.jpg */,
				F8688E0E27E09E0400BD498D /* riverOtter.jpg */,
				F8688E0F27E09E0400BD498D /* bullElkSparring.jpg */,
				F8688E1027E09E0400BD498D /* grizzly.jpg */,
				F8688E1127E09E0400BD498D /* towerCreekBASIN.jpg */,
				F8688E1227E09E0400BD498D /* rainbowAndBadlands.jpg */,
			);
			path = Resources;
			sourceTree = "<group>";
		};
/* End PBXGroup section */

/* Begin PBXNativeTarget section */
		F8688DE227E08B6100BD498D /* ImageGallery */ = {
			isa = PBXNativeTarget;
			buildConfigurationList = F8688DF127E08B6200BD498D /* Build configuration list for PBXNativeTarget "ImageGallery" */;
			buildPhases = (
				F8688DDF27E08B6100BD498D /* Sources */,
				F8688DE027E08B6100BD498D /* Frameworks */,
				F8688DE127E08B6100BD498D /* Resources */,
			);
			buildRules = (
			);
			dependencies = (
			);
			name = ImageGallery;
			productName = ImageGallery;
			productReference = F8688DE327E08B6100BD498D /* ImageGallery.app */;
			productType = "com.apple.product-type.application";
		};
/* End PBXNativeTarget section */

/* Begin PBXProject section */
		F8688DDB27E08B6100BD498D /* Project object */ = {
			isa = PBXProject;
			attributes = {
				BuildIndependentTargetsInParallel = 1;
				LastSwiftUpdateCheck = 1320;
				LastUpgradeCheck = 1320;
				TargetAttributes = {
					F8688DE227E08B6100BD498D = {
						CreatedOnToolsVersion = 13.2.1;
					};
				};
			};
			buildConfigurationList = F8688DDE27E08B6100BD498D /* Build configuration list for PBXProject "ImageGallery" */;
			compatibilityVersion = "Xcode 13.0";
			developmentRegion = en;
			hasScannedForEncodings = 0;
			knownRegions = (
				en,
				Base,
			);
			mainGroup = F8688DDA27E08B6100BD498D;
			productRefGroup = F8688DE427E08B6100BD498D /* Products */;
			projectDirPath = "";
			projectRoot = "";
			targets = (
				F8688DE227E08B6100BD498D /* ImageGallery */,
			);
		};
/* End PBXProject section */

/* Begin PBXResourcesBuildPhase section */
		F8688DE127E08B6100BD498D /* Resources */ = {
			isa = PBXResourcesBuildPhase;
			buildActionMask = 2147483647;
			files = (
				F8688E1627E09E0400BD498D /* soaringTheRainbow.jpg in Resources */,
				F8688E1327E09E0400BD498D /* groundSquirrel.jpg in Resources */,
				F8688E1F27E09E0400BD498D /* heartSpring.jpg in Resources */,
				F8688E2427E09E0400BD498D /* riverOtter.jpg in Resources */,
				F8688E1527E09E0400BD498D /* bullTuleElkAndTwoFemales.jpg in Resources */,
				F8688E2027E09E0400BD498D /* bobcat.jpg in Resources */,
				F8688E2327E09E0400BD498D /* coyoteAndBison.jpg in Resources */,
				F8688E2527E09E0400BD498D /* bullElkSparring.jpg in Resources */,
				F8688E2227E09E0400BD498D /* bullElk.jpg in Resources */,
				F8688E1E27E09E0400BD498D /* owlsAtMammoth.jpg in Resources */,
				F8688E1B27E09E0400BD498D /* newGrowthOfAntlers.jpg in Resources */,
				F8688E2627E09E0400BD498D /* grizzly.jpg in Resources */,
				F8688E1D27E09E0400BD498D /* sunriseAtGrottoGeyser.jpg in Resources */,
				F8688E2727E09E0400BD498D /* towerCreekBASIN.jpg in Resources */,
				F8688E1927E09E0400BD498D /* redTailedHawk.jpg in Resources */,
				F8688DEE27E08B6200BD498D /* Preview Assets.xcassets in Resources */,
				F8688E2127E09E0400BD498D /* doubleRainbowYellowstone.jpg in Resources */,
				F8688DEB27E08B6200BD498D /* Assets.xcassets in Resources */,
				F8688E1427E09E0400BD498D /* yellowBelliedMarmot.jpg in Resources */,
				F8688E2827E09E0400BD498D /* rainbowAndBadlands.jpg in Resources */,
				F8688E1C27E09E0400BD498D /* harborSeal.jpg in Resources */,
				F8688E1A27E09E0400BD498D /* doubleRainbowLowerMammoth.jpg in Resources */,
				F8688E1827E09E0400BD498D /* grizzlyCubs.jpg in Resources */,
				F8688E1727E09E0400BD498D /* harborSealPup.jpg in Resources */,
			);
			runOnlyForDeploymentPostprocessing = 0;
		};
/* End PBXResourcesBuildPhase section */

/* Begin PBXSourcesBuildPhase section */
		F8688DDF27E08B6100BD498D /* Sources */ = {
			isa = PBXSourcesBuildPhase;
			buildActionMask = 2147483647;
			files = (
				F8688DFB27E0969C00BD498D /* Item.swift in Sources */,
				F8688E3827E0A3CB00BD498D /* DetailView.swift in Sources */,
				F8688E2E27E09FB100BD498D /* FileManagerExtensions.swift in Sources */,
				F8688E2C27E09F9C00BD498D /* GridItemView.swift in Sources */,
				F8688DE927E08B6100BD498D /* ContentView.swift in Sources */,
				F8688DE727E08B6100BD498D /* ImageGalleryApp.swift in Sources */,
				F8688DF927E0964C00BD498D /* GridView.swift in Sources */,
				F8688DF727E0964000BD498D /* DataModel.swift in Sources */,
				F8688E3A27E0A3D000BD498D /* PhotoPicker.swift in Sources */,
				F8688E3627E0A3C600BD498D /* ColumnStepper.swift in Sources */,
			);
			runOnlyForDeploymentPostprocessing = 0;
		};
/* End PBXSourcesBuildPhase section */

/* Begin XCBuildConfiguration section */
		F8688DEF27E08B6200BD498D /* Debug */ = {
			isa = XCBuildConfiguration;
			buildSettings = {
				ALWAYS_SEARCH_USER_PATHS = NO;
				CLANG_ANALYZER_NONNULL = YES;
				CLANG_ANALYZER_NUMBER_OBJECT_CONVERSION = YES_AGGRESSIVE;
				CLANG_CXX_LANGUAGE_STANDARD = "gnu++17";
				CLANG_CXX_LIBRARY = "libc++";
				CLANG_ENABLE_MODULES = YES;
				CLANG_ENABLE_OBJC_ARC = YES;
				CLANG_ENABLE_OBJC_WEAK = YES;
				CLANG_WARN_BLOCK_CAPTURE_AUTORELEASING = YES;
				CLANG_WARN_BOOL_CONVERSION = YES;
				CLANG_WARN_COMMA = YES;
				CLANG_WARN_CONSTANT_CONVERSION = YES;
				CLANG_WARN_DEPRECATED_OBJC_IMPLEMENTATIONS = YES;
				CLANG_WARN_DIRECT_OBJC_ISA_USAGE = YES_ERROR;
				CLANG_WARN_DOCUMENTATION_COMMENTS = YES;
				CLANG_WARN_EMPTY_BODY = YES;
				CLANG_WARN_ENUM_CONVERSION = YES;
				CLANG_WARN_INFINITE_RECURSION = YES;
				CLANG_WARN_INT_CONVERSION = YES;
				CLANG_WARN_NON_LITERAL_NULL_CONVERSION = YES;
				CLANG_WARN_OBJC_IMPLICIT_RETAIN_SELF = YES;
				CLANG_WARN_OBJC_LITERAL_CONVERSION = YES;
				CLANG_WARN_OBJC_ROOT_CLASS = YES_ERROR;
				CLANG_WARN_QUOTED_INCLUDE_IN_FRAMEWORK_HEADER = YES;
				CLANG_WARN_RANGE_LOOP_ANALYSIS = YES;
				CLANG_WARN_STRICT_PROTOTYPES = YES;
				CLANG_WARN_SUSPICIOUS_MOVE = YES;
				CLANG_WARN_UNGUARDED_AVAILABILITY = YES_AGGRESSIVE;
				CLANG_WARN_UNREACHABLE_CODE = YES;
				CLANG_WARN__DUPLICATE_METHOD_MATCH = YES;
				COPY_PHASE_STRIP = NO;
				DEBUG_INFORMATION_FORMAT = dwarf;
				ENABLE_STRICT_OBJC_MSGSEND = YES;
				ENABLE_TESTABILITY = YES;
				GCC_C_LANGUAGE_STANDARD = gnu11;
				GCC_DYNAMIC_NO_PIC = NO;
				GCC_NO_COMMON_BLOCKS = YES;
				GCC_OPTIMIZATION_LEVEL = 0;
				GCC_PREPROCESSOR_DEFINITIONS = (
					"DEBUG=1",
					"$(inherited)",
				);
				GCC_WARN_64_TO_32_BIT_CONVERSION = YES;
				GCC_WARN_ABOUT_RETURN_TYPE = YES_ERROR;
				GCC_WARN_UNDECLARED_SELECTOR = YES;
				GCC_WARN_UNINITIALIZED_AUTOS = YES_AGGRESSIVE;
				GCC_WARN_UNUSED_FUNCTION = YES;
				GCC_WARN_UNUSED_VARIABLE = YES;
				IPHONEOS_DEPLOYMENT_TARGET = 15.2;
				MTL_ENABLE_DEBUG_INFO = INCLUDE_SOURCE;
				MTL_FAST_MATH = YES;
				ONLY_ACTIVE_ARCH = YES;
				SDKROOT = iphoneos;
				SWIFT_ACTIVE_COMPILATION_CONDITIONS = DEBUG;
				SWIFT_OPTIMIZATION_LEVEL = "-Onone";
			};
			name = Debug;
		};
		F8688DF027E08B6200BD498D /* Release */ = {
			isa = XCBuildConfiguration;
			buildSettings = {
				ALWAYS_SEARCH_USER_PATHS = NO;
				CLANG_ANALYZER_NONNULL = YES;
				CLANG_ANALYZER_NUMBER_OBJECT_CONVERSION = YES_AGGRESSIVE;
				CLANG_CXX_LANGUAGE_STANDARD = "gnu++17";
				CLANG_CXX_LIBRARY = "libc++";
				CLANG_ENABLE_MODULES = YES;
				CLANG_ENABLE_OBJC_ARC = YES;
				CLANG_ENABLE_OBJC_WEAK = YES;
				CLANG_WARN_BLOCK_CAPTURE_AUTORELEASING = YES;
				CLANG_WARN_BOOL_CONVERSION = YES;
				CLANG_WARN_COMMA = YES;
				CLANG_WARN_CONSTANT_CONVERSION = YES;
				CLANG_WARN_DEPRECATED_OBJC_IMPLEMENTATIONS = YES;
				CLANG_WARN_DIRECT_OBJC_ISA_USAGE = YES_ERROR;
				CLANG_WARN_DOCUMENTATION_COMMENTS = YES;
				CLANG_WARN_EMPTY_BODY = YES;
				CLANG_WARN_ENUM_CONVERSION = YES;
				CLANG_WARN_INFINITE_RECURSION = YES;
				CLANG_WARN_INT_CONVERSION = YES;
				CLANG_WARN_NON_LITERAL_NULL_CONVERSION = YES;
				CLANG_WARN_OBJC_IMPLICIT_RETAIN_SELF = YES;
				CLANG_WARN_OBJC_LITERAL_CONVERSION = YES;
				CLANG_WARN_OBJC_ROOT_CLASS = YES_ERROR;
				CLANG_WARN_QUOTED_INCLUDE_IN_FRAMEWORK_HEADER = YES;
				CLANG_WARN_RANGE_LOOP_ANALYSIS = YES;
				CLANG_WARN_STRICT_PROTOTYPES = YES;
				CLANG_WARN_SUSPICIOUS_MOVE = YES;
				CLANG_WARN_UNGUARDED_AVAILABILITY = YES_AGGRESSIVE;
				CLANG_WARN_UNREACHABLE_CODE = YES;
				CLANG_WARN__DUPLICATE_METHOD_MATCH = YES;
				COPY_PHASE_STRIP = NO;
				DEBUG_INFORMATION_FORMAT = "dwarf-with-dsym";
				ENABLE_NS_ASSERTIONS = NO;
				ENABLE_STRICT_OBJC_MSGSEND = YES;
				GCC_C_LANGUAGE_STANDARD = gnu11;
				GCC_NO_COMMON_BLOCKS = YES;
				GCC_WARN_64_TO_32_BIT_CONVERSION = YES;
				GCC_WARN_ABOUT_RETURN_TYPE = YES_ERROR;
				GCC_WARN_UNDECLARED_SELECTOR = YES;
				GCC_WARN_UNINITIALIZED_AUTOS = YES_AGGRESSIVE;
				GCC_WARN_UNUSED_FUNCTION = YES;
				GCC_WARN_UNUSED_VARIABLE = YES;
				IPHONEOS_DEPLOYMENT_TARGET = 15.2;
				MTL_ENABLE_DEBUG_INFO = NO;
				MTL_FAST_MATH = YES;
				SDKROOT = iphoneos;
				SWIFT_COMPILATION_MODE = wholemodule;
				SWIFT_OPTIMIZATION_LEVEL = "-O";
				VALIDATE_PRODUCT = YES;
			};
			name = Release;
		};
		F8688DF227E08B6200BD498D /* Debug */ = {
			isa = XCBuildConfiguration;
			buildSettings = {
				ASSETCATALOG_COMPILER_APPICON_NAME = AppIcon;
				ASSETCATALOG_COMPILER_GLOBAL_ACCENT_COLOR_NAME = AccentColor;
				CODE_SIGN_STYLE = Automatic;
				CURRENT_PROJECT_VERSION = 1;
				DEVELOPMENT_ASSET_PATHS = "\"ImageGallery/Preview Content\"";
				DEVELOPMENT_TEAM = T8C9SSEX5G;
				ENABLE_PREVIEWS = YES;
				GENERATE_INFOPLIST_FILE = YES;
				INFOPLIST_KEY_UIApplicationSceneManifest_Generation = YES;
				INFOPLIST_KEY_UIApplicationSupportsIndirectInputEvents = YES;
				INFOPLIST_KEY_UILaunchScreen_Generation = YES;
				INFOPLIST_KEY_UISupportedInterfaceOrientations_iPad = "UIInterfaceOrientationPortrait UIInterfaceOrientationPortraitUpsideDown UIInterfaceOrientationLandscapeLeft UIInterfaceOrientationLandscapeRight";
				INFOPLIST_KEY_UISupportedInterfaceOrientations_iPhone = "UIInterfaceOrientationPortrait UIInterfaceOrientationLandscapeLeft UIInterfaceOrientationLandscapeRight";
				LD_RUNPATH_SEARCH_PATHS = (
					"$(inherited)",
					"@executable_path/Frameworks",
				);
				MARKETING_VERSION = 1.0;
				PRODUCT_BUNDLE_IDENTIFIER = com.exemple.ImageGallery.ImageGallery;
				PRODUCT_NAME = "$(TARGET_NAME)";
				SWIFT_EMIT_LOC_STRINGS = YES;
				SWIFT_VERSION = 5.0;
				TARGETED_DEVICE_FAMILY = "1,2";
			};
			name = Debug;
		};
		F8688DF327E08B6200BD498D /* Release */ = {
			isa = XCBuildConfiguration;
			buildSettings = {
				ASSETCATALOG_COMPILER_APPICON_NAME = AppIcon;
				ASSETCATALOG_COMPILER_GLOBAL_ACCENT_COLOR_NAME = AccentColor;
				CODE_SIGN_STYLE = Automatic;
				CURRENT_PROJECT_VERSION = 1;
				DEVELOPMENT_ASSET_PATHS = "\"ImageGallery/Preview Content\"";
				DEVELOPMENT_TEAM = T8C9SSEX5G;
				ENABLE_PREVIEWS = YES;
				GENERATE_INFOPLIST_FILE = YES;
				INFOPLIST_KEY_UIApplicationSceneManifest_Generation = YES;
				INFOPLIST_KEY_UIApplicationSupportsIndirectInputEvents = YES;
				INFOPLIST_KEY_UILaunchScreen_Generation = YES;
				INFOPLIST_KEY_UISupportedInterfaceOrientations_iPad = "UIInterfaceOrientationPortrait UIInterfaceOrientationPortraitUpsideDown UIInterfaceOrientationLandscapeLeft UIInterfaceOrientationLandscapeRight";
				INFOPLIST_KEY_UISupportedInterfaceOrientations_iPhone = "UIInterfaceOrientationPortrait UIInterfaceOrientationLandscapeLeft UIInterfaceOrientationLandscapeRight";
				LD_RUNPATH_SEARCH_PATHS = (
					"$(inherited)",
					"@executable_path/Frameworks",
				);
				MARKETING_VERSION = 1.0;
				PRODUCT_BUNDLE_IDENTIFIER = com.exemple.ImageGallery.ImageGallery;
				PRODUCT_NAME = "$(TARGET_NAME)";
				SWIFT_EMIT_LOC_STRINGS = YES;
				SWIFT_VERSION = 5.0;
				TARGETED_DEVICE_FAMILY = "1,2";
			};
			name = Release;
		};
/* End XCBuildConfiguration section */

/* Begin XCConfigurationList section */
		F8688DDE27E08B6100BD498D /* Build configuration list for PBXProject "ImageGallery" */ = {
			isa = XCConfigurationList;
			buildConfigurations = (
				F8688DEF27E08B6200BD498D /* Debug */,
				F8688DF027E08B6200BD498D /* Release */,
			);
			defaultConfigurationIsVisible = 0;
			defaultConfigurationName = Release;
		};
		F8688DF127E08B6200BD498D /* Build configuration list for PBXNativeTarget "ImageGallery" */ = {
			isa = XCConfigurationList;
			buildConfigurations = (
				F8688DF227E08B6200BD498D /* Debug */,
				F8688DF327E08B6200BD498D /* Release */,
			);
			defaultConfigurationIsVisible = 0;
			defaultConfigurationName = Release;
		};
/* End XCConfigurationList section */
	};
	rootObject = F8688DDB27E08B6100BD498D /* Project object */;
}
