// !$*UTF8*$!
{
	archiveVersion = 1;
	classes = {
	};
	objectVersion = 55;
	objects = {

/* Begin PBXBuildFile section */
		F85BED802803222C00F3202A /* Podcast_CloneCodingApp.swift in Sources */ = {isa = PBXBuildFile; fileRef = F85BED7F2803222C00F3202A /* Podcast_CloneCodingApp.swift */; };
		F85BED842803222F00F3202A /* Assets.xcassets in Resources */ = {isa = PBXBuildFile; fileRef = F85BED832803222F00F3202A /* Assets.xcassets */; };
		F85BED872803222F00F3202A /* Preview Assets.xcassets in Resources */ = {isa = PBXBuildFile; fileRef = F85BED862803222F00F3202A /* Preview Assets.xcassets */; };
		F8940C102817E46000CA16E3 /* FirstMenu.swift in Sources */ = {isa = PBXBuildFile; fileRef = F8940C0F2817E46000CA16E3 /* FirstMenu.swift */; };
		F8940C122817E4B700CA16E3 /* SecondMenu.swift in Sources */ = {isa = PBXBuildFile; fileRef = F8940C112817E4B700CA16E3 /* SecondMenu.swift */; };
		F8940C142817E4D700CA16E3 /* ThrdMenu.swift in Sources */ = {isa = PBXBuildFile; fileRef = F8940C132817E4D700CA16E3 /* ThrdMenu.swift */; };
		F8BC40F228048F5F00CA4B20 /* Browse.swift in Sources */ = {isa = PBXBuildFile; fileRef = F8BC40F128048F5F00CA4B20 /* Browse.swift */; };
		F8BC40FD280530A900CA4B20 /* PodcastsQuickLinksRow.swift in Sources */ = {isa = PBXBuildFile; fileRef = F8BC40FC280530A900CA4B20 /* PodcastsQuickLinksRow.swift */; };
		F8BC4100280530E000CA4B20 /* BrowseByCategoryRow.swift in Sources */ = {isa = PBXBuildFile; fileRef = F8BC40FF280530E000CA4B20 /* BrowseByCategoryRow.swift */; };
		F8BC4103280530EB00CA4B20 /* ArtRow.swift in Sources */ = {isa = PBXBuildFile; fileRef = F8BC4102280530EB00CA4B20 /* ArtRow.swift */; };
		F8BC4106280530F600CA4B20 /* ComedyRow.swift in Sources */ = {isa = PBXBuildFile; fileRef = F8BC4105280530F600CA4B20 /* ComedyRow.swift */; };
		F8BC41092805310E00CA4B20 /* CatchUpOnTheNewsRow.swift in Sources */ = {isa = PBXBuildFile; fileRef = F8BC41082805310E00CA4B20 /* CatchUpOnTheNewsRow.swift */; };
		F8BC410E2805312E00CA4B20 /* KidsCornerRow.swift in Sources */ = {isa = PBXBuildFile; fileRef = F8BC410D2805312E00CA4B20 /* KidsCornerRow.swift */; };
		F8BC41112805314900CA4B20 /* SubscribeFavoritesRow.swift in Sources */ = {isa = PBXBuildFile; fileRef = F8BC41102805314900CA4B20 /* SubscribeFavoritesRow.swift */; };
		F8BC4114280531A400CA4B20 /* FindYourNewFavouriteRow.swift in Sources */ = {isa = PBXBuildFile; fileRef = F8BC4113280531A400CA4B20 /* FindYourNewFavouriteRow.swift */; };
		F8BC4117280531CC00CA4B20 /* TopEpisodesRow.swift in Sources */ = {isa = PBXBuildFile; fileRef = F8BC4116280531CC00CA4B20 /* TopEpisodesRow.swift */; };
		F8BC411A280531D800CA4B20 /* TopShowsRow.swift in Sources */ = {isa = PBXBuildFile; fileRef = F8BC4119280531D800CA4B20 /* TopShowsRow.swift */; };
		F8BC4120280531F800CA4B20 /* FeaturedChannelsRow.swift in Sources */ = {isa = PBXBuildFile; fileRef = F8BC411F280531F800CA4B20 /* FeaturedChannelsRow.swift */; };
		F8BC41232805321900CA4B20 /* FeaturedRow.swift in Sources */ = {isa = PBXBuildFile; fileRef = F8BC41222805321900CA4B20 /* FeaturedRow.swift */; };
		F8BC41282805347500CA4B20 /* PodcastTab.swift in Sources */ = {isa = PBXBuildFile; fileRef = F8BC41272805347500CA4B20 /* PodcastTab.swift */; };
		F8BC412B280547D800CA4B20 /* Color+.swift in Sources */ = {isa = PBXBuildFile; fileRef = F8BC412A280547D800CA4B20 /* Color+.swift */; };
		F8BC412E28055F3C00CA4B20 /* ModelData.swift in Sources */ = {isa = PBXBuildFile; fileRef = F8BC412D28055F3C00CA4B20 /* ModelData.swift */; };
		F8BC413028055FCF00CA4B20 /* Featured.swift in Sources */ = {isa = PBXBuildFile; fileRef = F8BC412F28055FCF00CA4B20 /* Featured.swift */; };
		F8BC41332805753E00CA4B20 /* NewNoteworthyRow.swift in Sources */ = {isa = PBXBuildFile; fileRef = F8BC41322805753E00CA4B20 /* NewNoteworthyRow.swift */; };
		F8BC4135280578EC00CA4B20 /* NewNoteworthy.swift in Sources */ = {isa = PBXBuildFile; fileRef = F8BC4134280578EC00CA4B20 /* NewNoteworthy.swift */; };
		F8BC4137280587A900CA4B20 /* FeaturedChannels.swift in Sources */ = {isa = PBXBuildFile; fileRef = F8BC4136280587A900CA4B20 /* FeaturedChannels.swift */; };
		F8C6DFE1280EA91300604EB7 /* TopEpisodesItem.swift in Sources */ = {isa = PBXBuildFile; fileRef = F8C6DFE0280EA91300604EB7 /* TopEpisodesItem.swift */; };
		F8C6DFE3280EA94300604EB7 /* TopEpisode.swift in Sources */ = {isa = PBXBuildFile; fileRef = F8C6DFE2280EA94300604EB7 /* TopEpisode.swift */; };
		F8DC283C280D327500F60271 /* FeaturedChannelsItem.swift in Sources */ = {isa = PBXBuildFile; fileRef = F8DC283B280D327500F60271 /* FeaturedChannelsItem.swift */; };
		F8DC283E280D600100F60271 /* FeaturedItem.swift in Sources */ = {isa = PBXBuildFile; fileRef = F8DC283D280D600100F60271 /* FeaturedItem.swift */; };
		F8DC2840280D639300F60271 /* NewNoteworthyItem.swift in Sources */ = {isa = PBXBuildFile; fileRef = F8DC283F280D639300F60271 /* NewNoteworthyItem.swift */; };
		F8DC2842280DCBF500F60271 /* TopShow.swift in Sources */ = {isa = PBXBuildFile; fileRef = F8DC2841280DCBF500F60271 /* TopShow.swift */; };
		F8DC2846280DCD8800F60271 /* TopShowsItem.swift in Sources */ = {isa = PBXBuildFile; fileRef = F8DC2845280DCD8800F60271 /* TopShowsItem.swift */; };
/* End PBXBuildFile section */

/* Begin PBXFileReference section */
		F85BED7C2803222C00F3202A /* Podcast-CloneCoding.app */ = {isa = PBXFileReference; explicitFileType = wrapper.application; includeInIndex = 0; path = "Podcast-CloneCoding.app"; sourceTree = BUILT_PRODUCTS_DIR; };
		F85BED7F2803222C00F3202A /* Podcast_CloneCodingApp.swift */ = {isa = PBXFileReference; lastKnownFileType = sourcecode.swift; path = Podcast_CloneCodingApp.swift; sourceTree = "<group>"; };
		F85BED832803222F00F3202A /* Assets.xcassets */ = {isa = PBXFileReference; lastKnownFileType = folder.assetcatalog; path = Assets.xcassets; sourceTree = "<group>"; };
		F85BED862803222F00F3202A /* Preview Assets.xcassets */ = {isa = PBXFileReference; lastKnownFileType = folder.assetcatalog; path = "Preview Assets.xcassets"; sourceTree = "<group>"; };
		F8940C0F2817E46000CA16E3 /* FirstMenu.swift */ = {isa = PBXFileReference; lastKnownFileType = sourcecode.swift; path = FirstMenu.swift; sourceTree = "<group>"; };
		F8940C112817E4B700CA16E3 /* SecondMenu.swift */ = {isa = PBXFileReference; lastKnownFileType = sourcecode.swift; path = SecondMenu.swift; sourceTree = "<group>"; };
		F8940C132817E4D700CA16E3 /* ThrdMenu.swift */ = {isa = PBXFileReference; lastKnownFileType = sourcecode.swift; path = ThrdMenu.swift; sourceTree = "<group>"; };
		F8BC40F128048F5F00CA4B20 /* Browse.swift */ = {isa = PBXFileReference; lastKnownFileType = sourcecode.swift; path = Browse.swift; sourceTree = "<group>"; };
		F8BC40FC280530A900CA4B20 /* PodcastsQuickLinksRow.swift */ = {isa = PBXFileReference; lastKnownFileType = sourcecode.swift; path = PodcastsQuickLinksRow.swift; sourceTree = "<group>"; };
		F8BC40FF280530E000CA4B20 /* BrowseByCategoryRow.swift */ = {isa = PBXFileReference; lastKnownFileType = sourcecode.swift; path = BrowseByCategoryRow.swift; sourceTree = "<group>"; };
		F8BC4102280530EB00CA4B20 /* ArtRow.swift */ = {isa = PBXFileReference; lastKnownFileType = sourcecode.swift; path = ArtRow.swift; sourceTree = "<group>"; };
		F8BC4105280530F600CA4B20 /* ComedyRow.swift */ = {isa = PBXFileReference; lastKnownFileType = sourcecode.swift; path = ComedyRow.swift; sourceTree = "<group>"; };
		F8BC41082805310E00CA4B20 /* CatchUpOnTheNewsRow.swift */ = {isa = PBXFileReference; lastKnownFileType = sourcecode.swift; path = CatchUpOnTheNewsRow.swift; sourceTree = "<group>"; };
		F8BC410D2805312E00CA4B20 /* KidsCornerRow.swift */ = {isa = PBXFileReference; lastKnownFileType = sourcecode.swift; path = KidsCornerRow.swift; sourceTree = "<group>"; };
		F8BC41102805314900CA4B20 /* SubscribeFavoritesRow.swift */ = {isa = PBXFileReference; lastKnownFileType = sourcecode.swift; path = SubscribeFavoritesRow.swift; sourceTree = "<group>"; };
		F8BC4113280531A400CA4B20 /* FindYourNewFavouriteRow.swift */ = {isa = PBXFileReference; lastKnownFileType = sourcecode.swift; path = FindYourNewFavouriteRow.swift; sourceTree = "<group>"; };
		F8BC4116280531CC00CA4B20 /* TopEpisodesRow.swift */ = {isa = PBXFileReference; lastKnownFileType = sourcecode.swift; path = TopEpisodesRow.swift; sourceTree = "<group>"; };
		F8BC4119280531D800CA4B20 /* TopShowsRow.swift */ = {isa = PBXFileReference; lastKnownFileType = sourcecode.swift; path = TopShowsRow.swift; sourceTree = "<group>"; };
		F8BC411F280531F800CA4B20 /* FeaturedChannelsRow.swift */ = {isa = PBXFileReference; lastKnownFileType = sourcecode.swift; path = FeaturedChannelsRow.swift; sourceTree = "<group>"; };
		F8BC41222805321900CA4B20 /* FeaturedRow.swift */ = {isa = PBXFileReference; lastKnownFileType = sourcecode.swift; path = FeaturedRow.swift; sourceTree = "<group>"; };
		F8BC41272805347500CA4B20 /* PodcastTab.swift */ = {isa = PBXFileReference; lastKnownFileType = sourcecode.swift; path = PodcastTab.swift; sourceTree = "<group>"; };
		F8BC412A280547D800CA4B20 /* Color+.swift */ = {isa = PBXFileReference; lastKnownFileType = sourcecode.swift; path = "Color+.swift"; sourceTree = "<group>"; };
		F8BC412D28055F3C00CA4B20 /* ModelData.swift */ = {isa = PBXFileReference; lastKnownFileType = sourcecode.swift; path = ModelData.swift; sourceTree = "<group>"; };
		F8BC412F28055FCF00CA4B20 /* Featured.swift */ = {isa = PBXFileReference; lastKnownFileType = sourcecode.swift; path = Featured.swift; sourceTree = "<group>"; };
		F8BC41322805753E00CA4B20 /* NewNoteworthyRow.swift */ = {isa = PBXFileReference; lastKnownFileType = sourcecode.swift; path = NewNoteworthyRow.swift; sourceTree = "<group>"; };
		F8BC4134280578EC00CA4B20 /* NewNoteworthy.swift */ = {isa = PBXFileReference; lastKnownFileType = sourcecode.swift; path = NewNoteworthy.swift; sourceTree = "<group>"; };
		F8BC4136280587A900CA4B20 /* FeaturedChannels.swift */ = {isa = PBXFileReference; lastKnownFileType = sourcecode.swift; path = FeaturedChannels.swift; sourceTree = "<group>"; };
		F8C6DFE0280EA91300604EB7 /* TopEpisodesItem.swift */ = {isa = PBXFileReference; lastKnownFileType = sourcecode.swift; path = TopEpisodesItem.swift; sourceTree = "<group>"; };
		F8C6DFE2280EA94300604EB7 /* TopEpisode.swift */ = {isa = PBXFileReference; lastKnownFileType = sourcecode.swift; path = TopEpisode.swift; sourceTree = "<group>"; };
		F8DC283B280D327500F60271 /* FeaturedChannelsItem.swift */ = {isa = PBXFileReference; lastKnownFileType = sourcecode.swift; path = FeaturedChannelsItem.swift; sourceTree = "<group>"; };
		F8DC283D280D600100F60271 /* FeaturedItem.swift */ = {isa = PBXFileReference; lastKnownFileType = sourcecode.swift; path = FeaturedItem.swift; sourceTree = "<group>"; };
		F8DC283F280D639300F60271 /* NewNoteworthyItem.swift */ = {isa = PBXFileReference; lastKnownFileType = sourcecode.swift; path = NewNoteworthyItem.swift; sourceTree = "<group>"; };
		F8DC2841280DCBF500F60271 /* TopShow.swift */ = {isa = PBXFileReference; lastKnownFileType = sourcecode.swift; path = TopShow.swift; sourceTree = "<group>"; };
		F8DC2845280DCD8800F60271 /* TopShowsItem.swift */ = {isa = PBXFileReference; lastKnownFileType = sourcecode.swift; path = TopShowsItem.swift; sourceTree = "<group>"; };
/* End PBXFileReference section */

/* Begin PBXFrameworksBuildPhase section */
		F85BED792803222C00F3202A /* Frameworks */ = {
			isa = PBXFrameworksBuildPhase;
			buildActionMask = 2147483647;
			files = (
			);
			runOnlyForDeploymentPostprocessing = 0;
		};
/* End PBXFrameworksBuildPhase section */

/* Begin PBXGroup section */
		F85BED732803222C00F3202A = {
			isa = PBXGroup;
			children = (
				F85BED7E2803222C00F3202A /* Podcast-CloneCoding */,
				F85BED7D2803222C00F3202A /* Products */,
			);
			sourceTree = "<group>";
		};
		F85BED7D2803222C00F3202A /* Products */ = {
			isa = PBXGroup;
			children = (
				F85BED7C2803222C00F3202A /* Podcast-CloneCoding.app */,
			);
			name = Products;
			sourceTree = "<group>";
		};
		F85BED7E2803222C00F3202A /* Podcast-CloneCoding */ = {
			isa = PBXGroup;
			children = (
				F85BED7F2803222C00F3202A /* Podcast_CloneCodingApp.swift */,
				F8BC412C28055F2A00CA4B20 /* Model */,
				F8BC40F328048F6300CA4B20 /* View */,
				F8BC40F428048F6C00CA4B20 /* Resources */,
				F85BED852803222F00F3202A /* Preview Content */,
			);
			path = "Podcast-CloneCoding";
			sourceTree = "<group>";
		};
		F85BED852803222F00F3202A /* Preview Content */ = {
			isa = PBXGroup;
			children = (
				F85BED862803222F00F3202A /* Preview Assets.xcassets */,
			);
			path = "Preview Content";
			sourceTree = "<group>";
		};
		F8BC40F328048F6300CA4B20 /* View */ = {
			isa = PBXGroup;
			children = (
				F8BC41262805345800CA4B20 /* Tab */,
				F8BC4121280531FA00CA4B20 /* Featured */,
				F8BC41312805752800CA4B20 /* NewNoteworthy */,
				F8BC411B280531DB00CA4B20 /* FeaturedChannels */,
				F8BC4118280531CE00CA4B20 /* TopShows */,
				F8BC4115280531B600CA4B20 /* TopEpisodes */,
				F8BC41122805314B00CA4B20 /* FindYourNewFavourite */,
				F8BC410F2805312F00CA4B20 /* SubscriberFavorites */,
				F8BC410A2805311100CA4B20 /* Kid'sCorner */,
				F8BC4107280530F800CA4B20 /* CatchUpOnTheNews */,
				F8BC4104280530EE00CA4B20 /* Comedy */,
				F8BC4101280530E300CA4B20 /* Art */,
				F8BC40FB2805305C00CA4B20 /* BrowseByCategory */,
				F8BC40F92805303900CA4B20 /* PodcastsQuickLinks */,
			);
			path = View;
			sourceTree = "<group>";
		};
		F8BC40F428048F6C00CA4B20 /* Resources */ = {
			isa = PBXGroup;
			children = (
				F8BC4129280547CC00CA4B20 /* Extensions */,
				F85BED832803222F00F3202A /* Assets.xcassets */,
			);
			path = Resources;
			sourceTree = "<group>";
		};
		F8BC40F92805303900CA4B20 /* PodcastsQuickLinks */ = {
			isa = PBXGroup;
			children = (
				F8BC40FC280530A900CA4B20 /* PodcastsQuickLinksRow.swift */,
			);
			path = PodcastsQuickLinks;
			sourceTree = "<group>";
		};
		F8BC40FB2805305C00CA4B20 /* BrowseByCategory */ = {
			isa = PBXGroup;
			children = (
				F8BC40FF280530E000CA4B20 /* BrowseByCategoryRow.swift */,
			);
			path = BrowseByCategory;
			sourceTree = "<group>";
		};
		F8BC4101280530E300CA4B20 /* Art */ = {
			isa = PBXGroup;
			children = (
				F8BC4102280530EB00CA4B20 /* ArtRow.swift */,
			);
			path = Art;
			sourceTree = "<group>";
		};
		F8BC4104280530EE00CA4B20 /* Comedy */ = {
			isa = PBXGroup;
			children = (
				F8BC4105280530F600CA4B20 /* ComedyRow.swift */,
			);
			path = Comedy;
			sourceTree = "<group>";
		};
		F8BC4107280530F800CA4B20 /* CatchUpOnTheNews */ = {
			isa = PBXGroup;
			children = (
				F8BC41082805310E00CA4B20 /* CatchUpOnTheNewsRow.swift */,
			);
			path = CatchUpOnTheNews;
			sourceTree = "<group>";
		};
		F8BC410A2805311100CA4B20 /* Kid'sCorner */ = {
			isa = PBXGroup;
			children = (
				F8BC410D2805312E00CA4B20 /* KidsCornerRow.swift */,
			);
			path = "Kid'sCorner";
			sourceTree = "<group>";
		};
		F8BC410F2805312F00CA4B20 /* SubscriberFavorites */ = {
			isa = PBXGroup;
			children = (
				F8BC41102805314900CA4B20 /* SubscribeFavoritesRow.swift */,
			);
			path = SubscriberFavorites;
			sourceTree = "<group>";
		};
		F8BC41122805314B00CA4B20 /* FindYourNewFavourite */ = {
			isa = PBXGroup;
			children = (
				F8BC4113280531A400CA4B20 /* FindYourNewFavouriteRow.swift */,
			);
			path = FindYourNewFavourite;
			sourceTree = "<group>";
		};
		F8BC4115280531B600CA4B20 /* TopEpisodes */ = {
			isa = PBXGroup;
			children = (
				F8BC4116280531CC00CA4B20 /* TopEpisodesRow.swift */,
				F8C6DFE0280EA91300604EB7 /* TopEpisodesItem.swift */,
				F8940C132817E4D700CA16E3 /* ThrdMenu.swift */,
				F8940C0F2817E46000CA16E3 /* FirstMenu.swift */,
				F8940C112817E4B700CA16E3 /* SecondMenu.swift */,
			);
			path = TopEpisodes;
			sourceTree = "<group>";
		};
		F8BC4118280531CE00CA4B20 /* TopShows */ = {
			isa = PBXGroup;
			children = (
				F8BC4119280531D800CA4B20 /* TopShowsRow.swift */,
				F8DC2845280DCD8800F60271 /* TopShowsItem.swift */,
			);
			path = TopShows;
			sourceTree = "<group>";
		};
		F8BC411B280531DB00CA4B20 /* FeaturedChannels */ = {
			isa = PBXGroup;
			children = (
				F8BC411F280531F800CA4B20 /* FeaturedChannelsRow.swift */,
				F8DC283B280D327500F60271 /* FeaturedChannelsItem.swift */,
			);
			path = FeaturedChannels;
			sourceTree = "<group>";
		};
		F8BC4121280531FA00CA4B20 /* Featured */ = {
			isa = PBXGroup;
			children = (
				F8BC41222805321900CA4B20 /* FeaturedRow.swift */,
				F8DC283D280D600100F60271 /* FeaturedItem.swift */,
			);
			path = Featured;
			sourceTree = "<group>";
		};
		F8BC41262805345800CA4B20 /* Tab */ = {
			isa = PBXGroup;
			children = (
				F8BC41272805347500CA4B20 /* PodcastTab.swift */,
				F8BC40F128048F5F00CA4B20 /* Browse.swift */,
			);
			path = Tab;
			sourceTree = "<group>";
		};
		F8BC4129280547CC00CA4B20 /* Extensions */ = {
			isa = PBXGroup;
			children = (
				F8BC412A280547D800CA4B20 /* Color+.swift */,
			);
			path = Extensions;
			sourceTree = "<group>";
		};
		F8BC412C28055F2A00CA4B20 /* Model */ = {
			isa = PBXGroup;
			children = (
				F8BC412D28055F3C00CA4B20 /* ModelData.swift */,
				F8BC412F28055FCF00CA4B20 /* Featured.swift */,
				F8BC4134280578EC00CA4B20 /* NewNoteworthy.swift */,
				F8BC4136280587A900CA4B20 /* FeaturedChannels.swift */,
				F8DC2841280DCBF500F60271 /* TopShow.swift */,
				F8C6DFE2280EA94300604EB7 /* TopEpisode.swift */,
			);
			path = Model;
			sourceTree = "<group>";
		};
		F8BC41312805752800CA4B20 /* NewNoteworthy */ = {
			isa = PBXGroup;
			children = (
				F8BC41322805753E00CA4B20 /* NewNoteworthyRow.swift */,
				F8DC283F280D639300F60271 /* NewNoteworthyItem.swift */,
			);
			path = NewNoteworthy;
			sourceTree = "<group>";
		};
/* End PBXGroup section */

/* Begin PBXNativeTarget section */
		F85BED7B2803222C00F3202A /* Podcast-CloneCoding */ = {
			isa = PBXNativeTarget;
			buildConfigurationList = F85BED8A2803222F00F3202A /* Build configuration list for PBXNativeTarget "Podcast-CloneCoding" */;
			buildPhases = (
				F85BED782803222C00F3202A /* Sources */,
				F85BED792803222C00F3202A /* Frameworks */,
				F85BED7A2803222C00F3202A /* Resources */,
			);
			buildRules = (
			);
			dependencies = (
			);
			name = "Podcast-CloneCoding";
			productName = "Podcast-CloneCoding";
			productReference = F85BED7C2803222C00F3202A /* Podcast-CloneCoding.app */;
			productType = "com.apple.product-type.application";
		};
/* End PBXNativeTarget section */

/* Begin PBXProject section */
		F85BED742803222C00F3202A /* Project object */ = {
			isa = PBXProject;
			attributes = {
				BuildIndependentTargetsInParallel = 1;
				LastSwiftUpdateCheck = 1330;
				LastUpgradeCheck = 1330;
				TargetAttributes = {
					F85BED7B2803222C00F3202A = {
						CreatedOnToolsVersion = 13.3;
					};
				};
			};
			buildConfigurationList = F85BED772803222C00F3202A /* Build configuration list for PBXProject "Podcast-CloneCoding" */;
			compatibilityVersion = "Xcode 13.0";
			developmentRegion = en;
			hasScannedForEncodings = 0;
			knownRegions = (
				en,
				Base,
			);
			mainGroup = F85BED732803222C00F3202A;
			productRefGroup = F85BED7D2803222C00F3202A /* Products */;
			projectDirPath = "";
			projectRoot = "";
			targets = (
				F85BED7B2803222C00F3202A /* Podcast-CloneCoding */,
			);
		};
/* End PBXProject section */

/* Begin PBXResourcesBuildPhase section */
		F85BED7A2803222C00F3202A /* Resources */ = {
			isa = PBXResourcesBuildPhase;
			buildActionMask = 2147483647;
			files = (
				F85BED872803222F00F3202A /* Preview Assets.xcassets in Resources */,
				F85BED842803222F00F3202A /* Assets.xcassets in Resources */,
			);
			runOnlyForDeploymentPostprocessing = 0;
		};
/* End PBXResourcesBuildPhase section */

/* Begin PBXSourcesBuildPhase section */
		F85BED782803222C00F3202A /* Sources */ = {
			isa = PBXSourcesBuildPhase;
			buildActionMask = 2147483647;
			files = (
				F8BC412E28055F3C00CA4B20 /* ModelData.swift in Sources */,
				F8BC4106280530F600CA4B20 /* ComedyRow.swift in Sources */,
				F8BC412B280547D800CA4B20 /* Color+.swift in Sources */,
				F8BC4135280578EC00CA4B20 /* NewNoteworthy.swift in Sources */,
				F8DC283C280D327500F60271 /* FeaturedChannelsItem.swift in Sources */,
				F8BC41112805314900CA4B20 /* SubscribeFavoritesRow.swift in Sources */,
				F8DC2840280D639300F60271 /* NewNoteworthyItem.swift in Sources */,
				F8BC41232805321900CA4B20 /* FeaturedRow.swift in Sources */,
				F8940C142817E4D700CA16E3 /* ThrdMenu.swift in Sources */,
				F8BC4103280530EB00CA4B20 /* ArtRow.swift in Sources */,
				F8BC40FD280530A900CA4B20 /* PodcastsQuickLinksRow.swift in Sources */,
				F8BC411A280531D800CA4B20 /* TopShowsRow.swift in Sources */,
				F8DC2846280DCD8800F60271 /* TopShowsItem.swift in Sources */,
				F8BC4120280531F800CA4B20 /* FeaturedChannelsRow.swift in Sources */,
				F8DC2842280DCBF500F60271 /* TopShow.swift in Sources */,
				F8940C102817E46000CA16E3 /* FirstMenu.swift in Sources */,
				F8BC413028055FCF00CA4B20 /* Featured.swift in Sources */,
				F8BC4100280530E000CA4B20 /* BrowseByCategoryRow.swift in Sources */,
				F8BC410E2805312E00CA4B20 /* KidsCornerRow.swift in Sources */,
				F85BED802803222C00F3202A /* Podcast_CloneCodingApp.swift in Sources */,
				F8BC4137280587A900CA4B20 /* FeaturedChannels.swift in Sources */,
				F8BC41332805753E00CA4B20 /* NewNoteworthyRow.swift in Sources */,
				F8BC41282805347500CA4B20 /* PodcastTab.swift in Sources */,
				F8BC40F228048F5F00CA4B20 /* Browse.swift in Sources */,
				F8BC41092805310E00CA4B20 /* CatchUpOnTheNewsRow.swift in Sources */,
				F8940C122817E4B700CA16E3 /* SecondMenu.swift in Sources */,
				F8C6DFE3280EA94300604EB7 /* TopEpisode.swift in Sources */,
				F8C6DFE1280EA91300604EB7 /* TopEpisodesItem.swift in Sources */,
				F8BC4117280531CC00CA4B20 /* TopEpisodesRow.swift in Sources */,
				F8DC283E280D600100F60271 /* FeaturedItem.swift in Sources */,
				F8BC4114280531A400CA4B20 /* FindYourNewFavouriteRow.swift in Sources */,
			);
			runOnlyForDeploymentPostprocessing = 0;
		};
/* End PBXSourcesBuildPhase section */

/* Begin XCBuildConfiguration section */
		F85BED882803222F00F3202A /* Debug */ = {
			isa = XCBuildConfiguration;
			buildSettings = {
				ALWAYS_SEARCH_USER_PATHS = NO;
				CLANG_ANALYZER_NONNULL = YES;
				CLANG_ANALYZER_NUMBER_OBJECT_CONVERSION = YES_AGGRESSIVE;
				CLANG_CXX_LANGUAGE_STANDARD = "gnu++17";
				CLANG_ENABLE_MODULES = YES;
				CLANG_ENABLE_OBJC_ARC = YES;
				CLANG_ENABLE_OBJC_WEAK = YES;
				CLANG_WARN_BLOCK_CAPTURE_AUTORELEASING = YES;
				CLANG_WARN_BOOL_CONVERSION = YES;
				CLANG_WARN_COMMA = YES;
				CLANG_WARN_CONSTANT_CONVERSION = YES;
				CLANG_WARN_DEPRECATED_OBJC_IMPLEMENTATIONS = YES;
				CLANG_WARN_DIRECT_OBJC_ISA_USAGE = YES_ERROR;
				CLANG_WARN_DOCUMENTATION_COMMENTS = YES;
				CLANG_WARN_EMPTY_BODY = YES;
				CLANG_WARN_ENUM_CONVERSION = YES;
				CLANG_WARN_INFINITE_RECURSION = YES;
				CLANG_WARN_INT_CONVERSION = YES;
				CLANG_WARN_NON_LITERAL_NULL_CONVERSION = YES;
				CLANG_WARN_OBJC_IMPLICIT_RETAIN_SELF = YES;
				CLANG_WARN_OBJC_LITERAL_CONVERSION = YES;
				CLANG_WARN_OBJC_ROOT_CLASS = YES_ERROR;
				CLANG_WARN_QUOTED_INCLUDE_IN_FRAMEWORK_HEADER = YES;
				CLANG_WARN_RANGE_LOOP_ANALYSIS = YES;
				CLANG_WARN_STRICT_PROTOTYPES = YES;
				CLANG_WARN_SUSPICIOUS_MOVE = YES;
				CLANG_WARN_UNGUARDED_AVAILABILITY = YES_AGGRESSIVE;
				CLANG_WARN_UNREACHABLE_CODE = YES;
				CLANG_WARN__DUPLICATE_METHOD_MATCH = YES;
				COPY_PHASE_STRIP = NO;
				DEBUG_INFORMATION_FORMAT = dwarf;
				ENABLE_STRICT_OBJC_MSGSEND = YES;
				ENABLE_TESTABILITY = YES;
				GCC_C_LANGUAGE_STANDARD = gnu11;
				GCC_DYNAMIC_NO_PIC = NO;
				GCC_NO_COMMON_BLOCKS = YES;
				GCC_OPTIMIZATION_LEVEL = 0;
				GCC_PREPROCESSOR_DEFINITIONS = (
					"DEBUG=1",
					"$(inherited)",
				);
				GCC_WARN_64_TO_32_BIT_CONVERSION = YES;
				GCC_WARN_ABOUT_RETURN_TYPE = YES_ERROR;
				GCC_WARN_UNDECLARED_SELECTOR = YES;
				GCC_WARN_UNINITIALIZED_AUTOS = YES_AGGRESSIVE;
				GCC_WARN_UNUSED_FUNCTION = YES;
				GCC_WARN_UNUSED_VARIABLE = YES;
				IPHONEOS_DEPLOYMENT_TARGET = 15.4;
				MTL_ENABLE_DEBUG_INFO = INCLUDE_SOURCE;
				MTL_FAST_MATH = YES;
				ONLY_ACTIVE_ARCH = YES;
				SDKROOT = iphoneos;
				SWIFT_ACTIVE_COMPILATION_CONDITIONS = DEBUG;
				SWIFT_OPTIMIZATION_LEVEL = "-Onone";
			};
			name = Debug;
		};
		F85BED892803222F00F3202A /* Release */ = {
			isa = XCBuildConfiguration;
			buildSettings = {
				ALWAYS_SEARCH_USER_PATHS = NO;
				CLANG_ANALYZER_NONNULL = YES;
				CLANG_ANALYZER_NUMBER_OBJECT_CONVERSION = YES_AGGRESSIVE;
				CLANG_CXX_LANGUAGE_STANDARD = "gnu++17";
				CLANG_ENABLE_MODULES = YES;
				CLANG_ENABLE_OBJC_ARC = YES;
				CLANG_ENABLE_OBJC_WEAK = YES;
				CLANG_WARN_BLOCK_CAPTURE_AUTORELEASING = YES;
				CLANG_WARN_BOOL_CONVERSION = YES;
				CLANG_WARN_COMMA = YES;
				CLANG_WARN_CONSTANT_CONVERSION = YES;
				CLANG_WARN_DEPRECATED_OBJC_IMPLEMENTATIONS = YES;
				CLANG_WARN_DIRECT_OBJC_ISA_USAGE = YES_ERROR;
				CLANG_WARN_DOCUMENTATION_COMMENTS = YES;
				CLANG_WARN_EMPTY_BODY = YES;
				CLANG_WARN_ENUM_CONVERSION = YES;
				CLANG_WARN_INFINITE_RECURSION = YES;
				CLANG_WARN_INT_CONVERSION = YES;
				CLANG_WARN_NON_LITERAL_NULL_CONVERSION = YES;
				CLANG_WARN_OBJC_IMPLICIT_RETAIN_SELF = YES;
				CLANG_WARN_OBJC_LITERAL_CONVERSION = YES;
				CLANG_WARN_OBJC_ROOT_CLASS = YES_ERROR;
				CLANG_WARN_QUOTED_INCLUDE_IN_FRAMEWORK_HEADER = YES;
				CLANG_WARN_RANGE_LOOP_ANALYSIS = YES;
				CLANG_WARN_STRICT_PROTOTYPES = YES;
				CLANG_WARN_SUSPICIOUS_MOVE = YES;
				CLANG_WARN_UNGUARDED_AVAILABILITY = YES_AGGRESSIVE;
				CLANG_WARN_UNREACHABLE_CODE = YES;
				CLANG_WARN__DUPLICATE_METHOD_MATCH = YES;
				COPY_PHASE_STRIP = NO;
				DEBUG_INFORMATION_FORMAT = "dwarf-with-dsym";
				ENABLE_NS_ASSERTIONS = NO;
				ENABLE_STRICT_OBJC_MSGSEND = YES;
				GCC_C_LANGUAGE_STANDARD = gnu11;
				GCC_NO_COMMON_BLOCKS = YES;
				GCC_WARN_64_TO_32_BIT_CONVERSION = YES;
				GCC_WARN_ABOUT_RETURN_TYPE = YES_ERROR;
				GCC_WARN_UNDECLARED_SELECTOR = YES;
				GCC_WARN_UNINITIALIZED_AUTOS = YES_AGGRESSIVE;
				GCC_WARN_UNUSED_FUNCTION = YES;
				GCC_WARN_UNUSED_VARIABLE = YES;
				IPHONEOS_DEPLOYMENT_TARGET = 15.4;
				MTL_ENABLE_DEBUG_INFO = NO;
				MTL_FAST_MATH = YES;
				SDKROOT = iphoneos;
				SWIFT_COMPILATION_MODE = wholemodule;
				SWIFT_OPTIMIZATION_LEVEL = "-O";
				VALIDATE_PRODUCT = YES;
			};
			name = Release;
		};
		F85BED8B2803222F00F3202A /* Debug */ = {
			isa = XCBuildConfiguration;
			buildSettings = {
				ASSETCATALOG_COMPILER_APPICON_NAME = AppIcon;
				ASSETCATALOG_COMPILER_GLOBAL_ACCENT_COLOR_NAME = AccentColor;
				CODE_SIGN_STYLE = Automatic;
				CURRENT_PROJECT_VERSION = 1;
				DEVELOPMENT_ASSET_PATHS = "\"Podcast-CloneCoding/Preview Content\"";
				DEVELOPMENT_TEAM = T8C9SSEX5G;
				ENABLE_PREVIEWS = YES;
				GENERATE_INFOPLIST_FILE = YES;
				INFOPLIST_KEY_UIApplicationSceneManifest_Generation = YES;
				INFOPLIST_KEY_UIApplicationSupportsIndirectInputEvents = YES;
				INFOPLIST_KEY_UILaunchScreen_Generation = YES;
				INFOPLIST_KEY_UISupportedInterfaceOrientations_iPad = "UIInterfaceOrientationPortrait UIInterfaceOrientationPortraitUpsideDown UIInterfaceOrientationLandscapeLeft UIInterfaceOrientationLandscapeRight";
				INFOPLIST_KEY_UISupportedInterfaceOrientations_iPhone = "UIInterfaceOrientationPortrait UIInterfaceOrientationLandscapeLeft UIInterfaceOrientationLandscapeRight";
				IPHONEOS_DEPLOYMENT_TARGET = 14.0;
				LD_RUNPATH_SEARCH_PATHS = (
					"$(inherited)",
					"@executable_path/Frameworks",
				);
				MARKETING_VERSION = 1.0;
				PRODUCT_BUNDLE_IDENTIFIER = "com.exemple.Podcast.Podcast-CloneCoding";
				PRODUCT_NAME = "$(TARGET_NAME)";
				SWIFT_EMIT_LOC_STRINGS = YES;
				SWIFT_VERSION = 5.0;
				TARGETED_DEVICE_FAMILY = "1,2";
			};
			name = Debug;
		};
		F85BED8C2803222F00F3202A /* Release */ = {
			isa = XCBuildConfiguration;
			buildSettings = {
				ASSETCATALOG_COMPILER_APPICON_NAME = AppIcon;
				ASSETCATALOG_COMPILER_GLOBAL_ACCENT_COLOR_NAME = AccentColor;
				CODE_SIGN_STYLE = Automatic;
				CURRENT_PROJECT_VERSION = 1;
				DEVELOPMENT_ASSET_PATHS = "\"Podcast-CloneCoding/Preview Content\"";
				DEVELOPMENT_TEAM = T8C9SSEX5G;
				ENABLE_PREVIEWS = YES;
				GENERATE_INFOPLIST_FILE = YES;
				INFOPLIST_KEY_UIApplicationSceneManifest_Generation = YES;
				INFOPLIST_KEY_UIApplicationSupportsIndirectInputEvents = YES;
				INFOPLIST_KEY_UILaunchScreen_Generation = YES;
				INFOPLIST_KEY_UISupportedInterfaceOrientations_iPad = "UIInterfaceOrientationPortrait UIInterfaceOrientationPortraitUpsideDown UIInterfaceOrientationLandscapeLeft UIInterfaceOrientationLandscapeRight";
				INFOPLIST_KEY_UISupportedInterfaceOrientations_iPhone = "UIInterfaceOrientationPortrait UIInterfaceOrientationLandscapeLeft UIInterfaceOrientationLandscapeRight";
				IPHONEOS_DEPLOYMENT_TARGET = 14.0;
				LD_RUNPATH_SEARCH_PATHS = (
					"$(inherited)",
					"@executable_path/Frameworks",
				);
				MARKETING_VERSION = 1.0;
				PRODUCT_BUNDLE_IDENTIFIER = "com.exemple.Podcast.Podcast-CloneCoding";
				PRODUCT_NAME = "$(TARGET_NAME)";
				SWIFT_EMIT_LOC_STRINGS = YES;
				SWIFT_VERSION = 5.0;
				TARGETED_DEVICE_FAMILY = "1,2";
			};
			name = Release;
		};
/* End XCBuildConfiguration section */

/* Begin XCConfigurationList section */
		F85BED772803222C00F3202A /* Build configuration list for PBXProject "Podcast-CloneCoding" */ = {
			isa = XCConfigurationList;
			buildConfigurations = (
				F85BED882803222F00F3202A /* Debug */,
				F85BED892803222F00F3202A /* Release */,
			);
			defaultConfigurationIsVisible = 0;
			defaultConfigurationName = Release;
		};
		F85BED8A2803222F00F3202A /* Build configuration list for PBXNativeTarget "Podcast-CloneCoding" */ = {
			isa = XCConfigurationList;
			buildConfigurations = (
				F85BED8B2803222F00F3202A /* Debug */,
				F85BED8C2803222F00F3202A /* Release */,
			);
			defaultConfigurationIsVisible = 0;
			defaultConfigurationName = Release;
		};
/* End XCConfigurationList section */
	};
	rootObject = F85BED742803222C00F3202A /* Project object */;
}
