// !$*UTF8*$!
{
	archiveVersion = 1;
	classes = {
	};
	objectVersion = 55;
	objects = {

/* Begin PBXBuildFile section */
		F80F1EA62907EEE9004DFC3B /* NotificationView.swift in Sources */ = {isa = PBXBuildFile; fileRef = F80F1EA52907EEE9004DFC3B /* NotificationView.swift */; };
		F80F1EA82907F13F004DFC3B /* NotificationController.swift in Sources */ = {isa = PBXBuildFile; fileRef = F80F1EA72907F13F004DFC3B /* NotificationController.swift */; };
		F80F1EAA2907F98F004DFC3B /* PushNotificationPayload.apns in Resources */ = {isa = PBXBuildFile; fileRef = F80F1EA92907F98F004DFC3B /* PushNotificationPayload.apns */; };
		F827C9CA28875088008C9267 /* PageViewController.swift in Sources */ = {isa = PBXBuildFile; fileRef = F827C9C928875088008C9267 /* PageViewController.swift */; };
		F827C9CD288752FB008C9267 /* FeatureCard.swift in Sources */ = {isa = PBXBuildFile; fileRef = F827C9CC288752FB008C9267 /* FeatureCard.swift */; };
		F827C9CF28875438008C9267 /* PageView.swift in Sources */ = {isa = PBXBuildFile; fileRef = F827C9CE28875438008C9267 /* PageView.swift */; };
		F827C9D128876898008C9267 /* PageControl.swift in Sources */ = {isa = PBXBuildFile; fileRef = F827C9D028876898008C9267 /* PageControl.swift */; };
		F83CE99627BB8999005AAA9D /* LandmarksApp.swift in Sources */ = {isa = PBXBuildFile; fileRef = F83CE99527BB8999005AAA9D /* LandmarksApp.swift */; };
		F83CE99827BB8999005AAA9D /* ContentView.swift in Sources */ = {isa = PBXBuildFile; fileRef = F83CE99727BB8999005AAA9D /* ContentView.swift */; };
		F83CE99A27BB899A005AAA9D /* Assets.xcassets in Resources */ = {isa = PBXBuildFile; fileRef = F83CE99927BB899A005AAA9D /* Assets.xcassets */; };
		F83CE99D27BB899A005AAA9D /* Preview Assets.xcassets in Resources */ = {isa = PBXBuildFile; fileRef = F83CE99C27BB899A005AAA9D /* Preview Assets.xcassets */; };
		F83CE9A427BB9167005AAA9D /* CircleImage.swift in Sources */ = {isa = PBXBuildFile; fileRef = F83CE9A327BB9167005AAA9D /* CircleImage.swift */; };
		F83CE9A627BB954E005AAA9D /* MapView.swift in Sources */ = {isa = PBXBuildFile; fileRef = F83CE9A527BB954E005AAA9D /* MapView.swift */; };
		F83CE9A827BB9B1A005AAA9D /* Landmark.swift in Sources */ = {isa = PBXBuildFile; fileRef = F83CE9A727BB9B1A005AAA9D /* Landmark.swift */; };
		F83CE9AD27BB9B69005AAA9D /* landmarkData.json in Resources */ = {isa = PBXBuildFile; fileRef = F83CE9AC27BB9B69005AAA9D /* landmarkData.json */; };
		F83CE9AF27BB9E03005AAA9D /* ModelData.swift in Sources */ = {isa = PBXBuildFile; fileRef = F83CE9AE27BB9E03005AAA9D /* ModelData.swift */; };
		F83CE9B127BB9FF1005AAA9D /* LandmarkRow.swift in Sources */ = {isa = PBXBuildFile; fileRef = F83CE9B027BB9FF1005AAA9D /* LandmarkRow.swift */; };
		F83CE9B327BBA4F3005AAA9D /* LandmarkList.swift in Sources */ = {isa = PBXBuildFile; fileRef = F83CE9B227BBA4F3005AAA9D /* LandmarkList.swift */; };
		F83CE9B527BBABE4005AAA9D /* LandmarkDetail.swift in Sources */ = {isa = PBXBuildFile; fileRef = F83CE9B427BBABE4005AAA9D /* LandmarkDetail.swift */; };
		F83CE9B727BBBE4E005AAA9D /* FavoriteButton.swift in Sources */ = {isa = PBXBuildFile; fileRef = F83CE9B627BBBE4E005AAA9D /* FavoriteButton.swift */; };
		F842C5A327C34E7600273B45 /* HexagonParameters.swift in Sources */ = {isa = PBXBuildFile; fileRef = F842C5A227C34E7600273B45 /* HexagonParameters.swift */; };
		F842C5A527C36BE000273B45 /* BadgeBackground.swift in Sources */ = {isa = PBXBuildFile; fileRef = F842C5A427C36BE000273B45 /* BadgeBackground.swift */; };
		F842C5A727C3784100273B45 /* BadgeSymbol.swift in Sources */ = {isa = PBXBuildFile; fileRef = F842C5A627C3784100273B45 /* BadgeSymbol.swift */; };
		F842C5A927C37E3300273B45 /* RotatedBadgeSymbol.swift in Sources */ = {isa = PBXBuildFile; fileRef = F842C5A827C37E3200273B45 /* RotatedBadgeSymbol.swift */; };
		F842C5AB27C37F4700273B45 /* Badge.swift in Sources */ = {isa = PBXBuildFile; fileRef = F842C5AA27C37F4700273B45 /* Badge.swift */; };
		F853037827C493E100E0F361 /* hikeData.json in Resources */ = {isa = PBXBuildFile; fileRef = F853037727C493E100E0F361 /* hikeData.json */; };
		F853037A27C493F700E0F361 /* Hike.swift in Sources */ = {isa = PBXBuildFile; fileRef = F853037927C493F700E0F361 /* Hike.swift */; };
		F853038027C4965700E0F361 /* GraphCapsule.swift in Sources */ = {isa = PBXBuildFile; fileRef = F853037C27C4965700E0F361 /* GraphCapsule.swift */; };
		F853038127C4965700E0F361 /* HikeGraph.swift in Sources */ = {isa = PBXBuildFile; fileRef = F853037D27C4965700E0F361 /* HikeGraph.swift */; };
		F853038227C4965700E0F361 /* HikeDetail.swift in Sources */ = {isa = PBXBuildFile; fileRef = F853037E27C4965700E0F361 /* HikeDetail.swift */; };
		F853038327C4965700E0F361 /* HikeView.swift in Sources */ = {isa = PBXBuildFile; fileRef = F853037F27C4965700E0F361 /* HikeView.swift */; };
		F861E2F12906C18900578BDF /* ContentView.swift in Sources */ = {isa = PBXBuildFile; fileRef = F861E2F02906C18900578BDF /* ContentView.swift */; };
		F861E2F32906C18900578BDF /* Assets.xcassets in Resources */ = {isa = PBXBuildFile; fileRef = F861E2F22906C18900578BDF /* Assets.xcassets */; };
		F861E2F62906C18900578BDF /* Preview Assets.xcassets in Resources */ = {isa = PBXBuildFile; fileRef = F861E2F52906C18900578BDF /* Preview Assets.xcassets */; };
		F861E3172906C32100578BDF /* LandmarkDetail.swift in Sources */ = {isa = PBXBuildFile; fileRef = F861E3162906C32100578BDF /* LandmarkDetail.swift */; };
		F861E3192906C35B00578BDF /* Profile.swift in Sources */ = {isa = PBXBuildFile; fileRef = F8AD5FED27C4D2F100738264 /* Profile.swift */; };
		F861E31A2906C35B00578BDF /* Landmark.swift in Sources */ = {isa = PBXBuildFile; fileRef = F83CE9A727BB9B1A005AAA9D /* Landmark.swift */; };
		F861E31B2906C35B00578BDF /* Hike.swift in Sources */ = {isa = PBXBuildFile; fileRef = F853037927C493F700E0F361 /* Hike.swift */; };
		F861E31D2906C35B00578BDF /* Assets.xcassets in Resources */ = {isa = PBXBuildFile; fileRef = F83CE99927BB899A005AAA9D /* Assets.xcassets */; };
		F861E31E2906C35B00578BDF /* CircleImage.swift in Sources */ = {isa = PBXBuildFile; fileRef = F83CE9A327BB9167005AAA9D /* CircleImage.swift */; };
		F861E31F2906C35B00578BDF /* ModelData.swift in Sources */ = {isa = PBXBuildFile; fileRef = F83CE9AE27BB9E03005AAA9D /* ModelData.swift */; };
		F861E3202906C35B00578BDF /* LandmarksApp.swift in Sources */ = {isa = PBXBuildFile; fileRef = F83CE99527BB8999005AAA9D /* LandmarksApp.swift */; };
		F861E3212906C35B00578BDF /* LandmarkList.swift in Sources */ = {isa = PBXBuildFile; fileRef = F83CE9B227BBA4F3005AAA9D /* LandmarkList.swift */; };
		F861E3222906C35B00578BDF /* LandmarkRow.swift in Sources */ = {isa = PBXBuildFile; fileRef = F83CE9B027BB9FF1005AAA9D /* LandmarkRow.swift */; };
		F861E3232906C35B00578BDF /* hikeData.json in Resources */ = {isa = PBXBuildFile; fileRef = F853037727C493E100E0F361 /* hikeData.json */; };
		F861E3242906C35B00578BDF /* MapView.swift in Sources */ = {isa = PBXBuildFile; fileRef = F83CE9A527BB954E005AAA9D /* MapView.swift */; };
		F861E3252906C35B00578BDF /* landmarkData.json in Resources */ = {isa = PBXBuildFile; fileRef = F83CE9AC27BB9B69005AAA9D /* landmarkData.json */; };
		F8AD5FE727C4ADB900738264 /* CategoryHome.swift in Sources */ = {isa = PBXBuildFile; fileRef = F8AD5FE627C4ADB900738264 /* CategoryHome.swift */; };
		F8AD5FEA27C4B79300738264 /* CategoryRow.swift in Sources */ = {isa = PBXBuildFile; fileRef = F8AD5FE927C4B79300738264 /* CategoryRow.swift */; };
		F8AD5FEC27C4BA5D00738264 /* CategoryItem.swift in Sources */ = {isa = PBXBuildFile; fileRef = F8AD5FEB27C4BA5D00738264 /* CategoryItem.swift */; };
		F8AD5FEE27C4D2F100738264 /* Profile.swift in Sources */ = {isa = PBXBuildFile; fileRef = F8AD5FED27C4D2F100738264 /* Profile.swift */; };
		F8AD5FF127C4D66800738264 /* ProfileHost.swift in Sources */ = {isa = PBXBuildFile; fileRef = F8AD5FF027C4D66800738264 /* ProfileHost.swift */; };
		F8AD5FF327C4D78F00738264 /* ProfileSummary.swift in Sources */ = {isa = PBXBuildFile; fileRef = F8AD5FF227C4D78E00738264 /* ProfileSummary.swift */; };
		F8AD5FF527C4D92D00738264 /* HikeBadge.swift in Sources */ = {isa = PBXBuildFile; fileRef = F8AD5FF427C4D92D00738264 /* HikeBadge.swift */; };
		F8AD5FF727C4F03D00738264 /* ProfileEditor.swift in Sources */ = {isa = PBXBuildFile; fileRef = F8AD5FF627C4F03D00738264 /* ProfileEditor.swift */; };
/* End PBXBuildFile section */

/* Begin PBXCopyFilesBuildPhase section */
		F861E3092906C22D00578BDF /* Embed Foundation Extensions */ = {
			isa = PBXCopyFilesBuildPhase;
			buildActionMask = 2147483647;
			dstPath = "";
			dstSubfolderSpec = 13;
			files = (
			);
			name = "Embed Foundation Extensions";
			runOnlyForDeploymentPostprocessing = 0;
		};
/* End PBXCopyFilesBuildPhase section */

/* Begin PBXFileReference section */
		F80F1EA52907EEE9004DFC3B /* NotificationView.swift */ = {isa = PBXFileReference; lastKnownFileType = sourcecode.swift; path = NotificationView.swift; sourceTree = "<group>"; };
		F80F1EA72907F13F004DFC3B /* NotificationController.swift */ = {isa = PBXFileReference; lastKnownFileType = sourcecode.swift; path = NotificationController.swift; sourceTree = "<group>"; };
		F80F1EA92907F98F004DFC3B /* PushNotificationPayload.apns */ = {isa = PBXFileReference; lastKnownFileType = text; path = PushNotificationPayload.apns; sourceTree = "<group>"; };
		F827C9C928875088008C9267 /* PageViewController.swift */ = {isa = PBXFileReference; lastKnownFileType = sourcecode.swift; path = PageViewController.swift; sourceTree = "<group>"; };
		F827C9CC288752FB008C9267 /* FeatureCard.swift */ = {isa = PBXFileReference; lastKnownFileType = sourcecode.swift; path = FeatureCard.swift; sourceTree = "<group>"; };
		F827C9CE28875438008C9267 /* PageView.swift */ = {isa = PBXFileReference; lastKnownFileType = sourcecode.swift; path = PageView.swift; sourceTree = "<group>"; };
		F827C9D028876898008C9267 /* PageControl.swift */ = {isa = PBXFileReference; lastKnownFileType = sourcecode.swift; path = PageControl.swift; sourceTree = "<group>"; };
		F83CE99227BB8999005AAA9D /* Landmarks.app */ = {isa = PBXFileReference; explicitFileType = wrapper.application; includeInIndex = 0; path = Landmarks.app; sourceTree = BUILT_PRODUCTS_DIR; };
		F83CE99527BB8999005AAA9D /* LandmarksApp.swift */ = {isa = PBXFileReference; lastKnownFileType = sourcecode.swift; path = LandmarksApp.swift; sourceTree = "<group>"; };
		F83CE99727BB8999005AAA9D /* ContentView.swift */ = {isa = PBXFileReference; lastKnownFileType = sourcecode.swift; path = ContentView.swift; sourceTree = "<group>"; };
		F83CE99927BB899A005AAA9D /* Assets.xcassets */ = {isa = PBXFileReference; lastKnownFileType = folder.assetcatalog; path = Assets.xcassets; sourceTree = "<group>"; };
		F83CE99C27BB899A005AAA9D /* Preview Assets.xcassets */ = {isa = PBXFileReference; lastKnownFileType = folder.assetcatalog; path = "Preview Assets.xcassets"; sourceTree = "<group>"; };
		F83CE9A327BB9167005AAA9D /* CircleImage.swift */ = {isa = PBXFileReference; lastKnownFileType = sourcecode.swift; path = CircleImage.swift; sourceTree = "<group>"; };
		F83CE9A527BB954E005AAA9D /* MapView.swift */ = {isa = PBXFileReference; lastKnownFileType = sourcecode.swift; path = MapView.swift; sourceTree = "<group>"; };
		F83CE9A727BB9B1A005AAA9D /* Landmark.swift */ = {isa = PBXFileReference; lastKnownFileType = sourcecode.swift; path = Landmark.swift; sourceTree = "<group>"; };
		F83CE9AC27BB9B69005AAA9D /* landmarkData.json */ = {isa = PBXFileReference; fileEncoding = 4; lastKnownFileType = text.json; path = landmarkData.json; sourceTree = "<group>"; };
		F83CE9AE27BB9E03005AAA9D /* ModelData.swift */ = {isa = PBXFileReference; lastKnownFileType = sourcecode.swift; path = ModelData.swift; sourceTree = "<group>"; };
		F83CE9B027BB9FF1005AAA9D /* LandmarkRow.swift */ = {isa = PBXFileReference; lastKnownFileType = sourcecode.swift; path = LandmarkRow.swift; sourceTree = "<group>"; };
		F83CE9B227BBA4F3005AAA9D /* LandmarkList.swift */ = {isa = PBXFileReference; lastKnownFileType = sourcecode.swift; path = LandmarkList.swift; sourceTree = "<group>"; };
		F83CE9B427BBABE4005AAA9D /* LandmarkDetail.swift */ = {isa = PBXFileReference; lastKnownFileType = sourcecode.swift; path = LandmarkDetail.swift; sourceTree = "<group>"; };
		F83CE9B627BBBE4E005AAA9D /* FavoriteButton.swift */ = {isa = PBXFileReference; lastKnownFileType = sourcecode.swift; path = FavoriteButton.swift; sourceTree = "<group>"; };
		F842C5A227C34E7600273B45 /* HexagonParameters.swift */ = {isa = PBXFileReference; lastKnownFileType = sourcecode.swift; path = HexagonParameters.swift; sourceTree = "<group>"; };
		F842C5A427C36BE000273B45 /* BadgeBackground.swift */ = {isa = PBXFileReference; lastKnownFileType = sourcecode.swift; path = BadgeBackground.swift; sourceTree = "<group>"; };
		F842C5A627C3784100273B45 /* BadgeSymbol.swift */ = {isa = PBXFileReference; lastKnownFileType = sourcecode.swift; path = BadgeSymbol.swift; sourceTree = "<group>"; };
		F842C5A827C37E3200273B45 /* RotatedBadgeSymbol.swift */ = {isa = PBXFileReference; lastKnownFileType = sourcecode.swift; path = RotatedBadgeSymbol.swift; sourceTree = "<group>"; };
		F842C5AA27C37F4700273B45 /* Badge.swift */ = {isa = PBXFileReference; lastKnownFileType = sourcecode.swift; path = Badge.swift; sourceTree = "<group>"; };
		F853037727C493E100E0F361 /* hikeData.json */ = {isa = PBXFileReference; fileEncoding = 4; lastKnownFileType = text.json; path = hikeData.json; sourceTree = "<group>"; };
		F853037927C493F700E0F361 /* Hike.swift */ = {isa = PBXFileReference; lastKnownFileType = sourcecode.swift; path = Hike.swift; sourceTree = "<group>"; };
		F853037C27C4965700E0F361 /* GraphCapsule.swift */ = {isa = PBXFileReference; fileEncoding = 4; lastKnownFileType = sourcecode.swift; path = GraphCapsule.swift; sourceTree = "<group>"; };
		F853037D27C4965700E0F361 /* HikeGraph.swift */ = {isa = PBXFileReference; fileEncoding = 4; lastKnownFileType = sourcecode.swift; path = HikeGraph.swift; sourceTree = "<group>"; };
		F853037E27C4965700E0F361 /* HikeDetail.swift */ = {isa = PBXFileReference; fileEncoding = 4; lastKnownFileType = sourcecode.swift; path = HikeDetail.swift; sourceTree = "<group>"; };
		F853037F27C4965700E0F361 /* HikeView.swift */ = {isa = PBXFileReference; fileEncoding = 4; lastKnownFileType = sourcecode.swift; path = HikeView.swift; sourceTree = "<group>"; };
		F861E2EC2906C18900578BDF /* WatchLandmarks Watch App.app */ = {isa = PBXFileReference; explicitFileType = wrapper.application; includeInIndex = 0; path = "WatchLandmarks Watch App.app"; sourceTree = BUILT_PRODUCTS_DIR; };
		F861E2F02906C18900578BDF /* ContentView.swift */ = {isa = PBXFileReference; lastKnownFileType = sourcecode.swift; path = ContentView.swift; sourceTree = "<group>"; };
		F861E2F22906C18900578BDF /* Assets.xcassets */ = {isa = PBXFileReference; lastKnownFileType = folder.assetcatalog; path = Assets.xcassets; sourceTree = "<group>"; };
		F861E2F52906C18900578BDF /* Preview Assets.xcassets */ = {isa = PBXFileReference; lastKnownFileType = folder.assetcatalog; path = "Preview Assets.xcassets"; sourceTree = "<group>"; };
		F861E3162906C32100578BDF /* LandmarkDetail.swift */ = {isa = PBXFileReference; lastKnownFileType = sourcecode.swift; path = LandmarkDetail.swift; sourceTree = "<group>"; };
		F8AD5FE627C4ADB900738264 /* CategoryHome.swift */ = {isa = PBXFileReference; lastKnownFileType = sourcecode.swift; path = CategoryHome.swift; sourceTree = "<group>"; };
		F8AD5FE927C4B79300738264 /* CategoryRow.swift */ = {isa = PBXFileReference; lastKnownFileType = sourcecode.swift; path = CategoryRow.swift; sourceTree = "<group>"; };
		F8AD5FEB27C4BA5D00738264 /* CategoryItem.swift */ = {isa = PBXFileReference; lastKnownFileType = sourcecode.swift; path = CategoryItem.swift; sourceTree = "<group>"; };
		F8AD5FED27C4D2F100738264 /* Profile.swift */ = {isa = PBXFileReference; lastKnownFileType = sourcecode.swift; path = Profile.swift; sourceTree = "<group>"; };
		F8AD5FF027C4D66800738264 /* ProfileHost.swift */ = {isa = PBXFileReference; lastKnownFileType = sourcecode.swift; path = ProfileHost.swift; sourceTree = "<group>"; };
		F8AD5FF227C4D78E00738264 /* ProfileSummary.swift */ = {isa = PBXFileReference; lastKnownFileType = sourcecode.swift; path = ProfileSummary.swift; sourceTree = "<group>"; };
		F8AD5FF427C4D92D00738264 /* HikeBadge.swift */ = {isa = PBXFileReference; lastKnownFileType = sourcecode.swift; path = HikeBadge.swift; sourceTree = "<group>"; };
		F8AD5FF627C4F03D00738264 /* ProfileEditor.swift */ = {isa = PBXFileReference; lastKnownFileType = sourcecode.swift; path = ProfileEditor.swift; sourceTree = "<group>"; };
/* End PBXFileReference section */

/* Begin PBXFrameworksBuildPhase section */
		F83CE98F27BB8999005AAA9D /* Frameworks */ = {
			isa = PBXFrameworksBuildPhase;
			buildActionMask = 2147483647;
			files = (
			);
			runOnlyForDeploymentPostprocessing = 0;
		};
		F861E2E92906C18900578BDF /* Frameworks */ = {
			isa = PBXFrameworksBuildPhase;
			buildActionMask = 2147483647;
			files = (
			);
			runOnlyForDeploymentPostprocessing = 0;
		};
/* End PBXFrameworksBuildPhase section */

/* Begin PBXGroup section */
		F827C9CB2887509D008C9267 /* PageView */ = {
			isa = PBXGroup;
			children = (
				F827C9C928875088008C9267 /* PageViewController.swift */,
				F827C9CC288752FB008C9267 /* FeatureCard.swift */,
				F827C9CE28875438008C9267 /* PageView.swift */,
				F827C9D028876898008C9267 /* PageControl.swift */,
			);
			path = PageView;
			sourceTree = "<group>";
		};
		F83CE98927BB8999005AAA9D = {
			isa = PBXGroup;
			children = (
				F83CE99427BB8999005AAA9D /* Landmarks */,
				F861E2ED2906C18900578BDF /* WatchLandmarks Watch App */,
				F83CE99327BB8999005AAA9D /* Products */,
			);
			sourceTree = "<group>";
		};
		F83CE99327BB8999005AAA9D /* Products */ = {
			isa = PBXGroup;
			children = (
				F83CE99227BB8999005AAA9D /* Landmarks.app */,
				F861E2EC2906C18900578BDF /* WatchLandmarks Watch App.app */,
			);
			name = Products;
			sourceTree = "<group>";
		};
		F83CE99427BB8999005AAA9D /* Landmarks */ = {
			isa = PBXGroup;
			children = (
				F83CE99527BB8999005AAA9D /* LandmarksApp.swift */,
				F83CE9A927BB9B1C005AAA9D /* Model */,
				F83CE9AA27BB9B2A005AAA9D /* Views */,
				F83CE9AB27BB9B3F005AAA9D /* Resources */,
				F83CE99B27BB899A005AAA9D /* Preview Content */,
			);
			path = Landmarks;
			sourceTree = "<group>";
		};
		F83CE99B27BB899A005AAA9D /* Preview Content */ = {
			isa = PBXGroup;
			children = (
				F83CE99C27BB899A005AAA9D /* Preview Assets.xcassets */,
			);
			path = "Preview Content";
			sourceTree = "<group>";
		};
		F83CE9A927BB9B1C005AAA9D /* Model */ = {
			isa = PBXGroup;
			children = (
				F853037927C493F700E0F361 /* Hike.swift */,
				F83CE9A727BB9B1A005AAA9D /* Landmark.swift */,
				F83CE9AE27BB9E03005AAA9D /* ModelData.swift */,
				F8AD5FED27C4D2F100738264 /* Profile.swift */,
			);
			path = Model;
			sourceTree = "<group>";
		};
		F83CE9AA27BB9B2A005AAA9D /* Views */ = {
			isa = PBXGroup;
			children = (
				F83CE99727BB8999005AAA9D /* ContentView.swift */,
				F827C9CB2887509D008C9267 /* PageView */,
				F842C5AC27C385FE00273B45 /* Badges */,
				F83CE9B827BBBF05005AAA9D /* Landmarks */,
				F853037B27C4965700E0F361 /* Hikes */,
				F83CE9B927BBBF0C005AAA9D /* Helpers */,
				F8AD5FE827C4ADC500738264 /* Categories */,
				F8AD5FEF27C4D63900738264 /* Profiles */,
			);
			path = Views;
			sourceTree = "<group>";
		};
		F83CE9AB27BB9B3F005AAA9D /* Resources */ = {
			isa = PBXGroup;
			children = (
				F853037727C493E100E0F361 /* hikeData.json */,
				F83CE9AC27BB9B69005AAA9D /* landmarkData.json */,
				F83CE99927BB899A005AAA9D /* Assets.xcassets */,
			);
			path = Resources;
			sourceTree = "<group>";
		};
		F83CE9B827BBBF05005AAA9D /* Landmarks */ = {
			isa = PBXGroup;
			children = (
				F83CE9B227BBA4F3005AAA9D /* LandmarkList.swift */,
				F83CE9B027BB9FF1005AAA9D /* LandmarkRow.swift */,
				F83CE9B427BBABE4005AAA9D /* LandmarkDetail.swift */,
			);
			path = Landmarks;
			sourceTree = "<group>";
		};
		F83CE9B927BBBF0C005AAA9D /* Helpers */ = {
			isa = PBXGroup;
			children = (
				F83CE9A327BB9167005AAA9D /* CircleImage.swift */,
				F83CE9A527BB954E005AAA9D /* MapView.swift */,
				F83CE9B627BBBE4E005AAA9D /* FavoriteButton.swift */,
			);
			path = Helpers;
			sourceTree = "<group>";
		};
		F842C5AC27C385FE00273B45 /* Badges */ = {
			isa = PBXGroup;
			children = (
				F842C5AA27C37F4700273B45 /* Badge.swift */,
				F842C5A827C37E3200273B45 /* RotatedBadgeSymbol.swift */,
				F842C5A427C36BE000273B45 /* BadgeBackground.swift */,
				F842C5A627C3784100273B45 /* BadgeSymbol.swift */,
				F842C5A227C34E7600273B45 /* HexagonParameters.swift */,
			);
			path = Badges;
			sourceTree = "<group>";
		};
		F853037B27C4965700E0F361 /* Hikes */ = {
			isa = PBXGroup;
			children = (
				F853037C27C4965700E0F361 /* GraphCapsule.swift */,
				F853037D27C4965700E0F361 /* HikeGraph.swift */,
				F853037E27C4965700E0F361 /* HikeDetail.swift */,
				F853037F27C4965700E0F361 /* HikeView.swift */,
				F8AD5FF427C4D92D00738264 /* HikeBadge.swift */,
			);
			path = Hikes;
			sourceTree = "<group>";
		};
		F861E2ED2906C18900578BDF /* WatchLandmarks Watch App */ = {
			isa = PBXGroup;
			children = (
				F861E3162906C32100578BDF /* LandmarkDetail.swift */,
				F861E2F02906C18900578BDF /* ContentView.swift */,
				F80F1EA52907EEE9004DFC3B /* NotificationView.swift */,
				F80F1EA72907F13F004DFC3B /* NotificationController.swift */,
				F80F1EA92907F98F004DFC3B /* PushNotificationPayload.apns */,
				F861E2F22906C18900578BDF /* Assets.xcassets */,
				F861E2F42906C18900578BDF /* Preview Content */,
			);
			path = "WatchLandmarks Watch App";
			sourceTree = "<group>";
		};
		F861E2F42906C18900578BDF /* Preview Content */ = {
			isa = PBXGroup;
			children = (
				F861E2F52906C18900578BDF /* Preview Assets.xcassets */,
			);
			path = "Preview Content";
			sourceTree = "<group>";
		};
		F8AD5FE827C4ADC500738264 /* Categories */ = {
			isa = PBXGroup;
			children = (
				F8AD5FE627C4ADB900738264 /* CategoryHome.swift */,
				F8AD5FE927C4B79300738264 /* CategoryRow.swift */,
				F8AD5FEB27C4BA5D00738264 /* CategoryItem.swift */,
			);
			path = Categories;
			sourceTree = "<group>";
		};
		F8AD5FEF27C4D63900738264 /* Profiles */ = {
			isa = PBXGroup;
			children = (
				F8AD5FF027C4D66800738264 /* ProfileHost.swift */,
				F8AD5FF227C4D78E00738264 /* ProfileSummary.swift */,
				F8AD5FF627C4F03D00738264 /* ProfileEditor.swift */,
			);
			path = Profiles;
			sourceTree = "<group>";
		};
/* End PBXGroup section */

/* Begin PBXNativeTarget section */
		F83CE99127BB8999005AAA9D /* Landmarks */ = {
			isa = PBXNativeTarget;
			buildConfigurationList = F83CE9A027BB899A005AAA9D /* Build configuration list for PBXNativeTarget "Landmarks" */;
			buildPhases = (
				F83CE98E27BB8999005AAA9D /* Sources */,
				F83CE98F27BB8999005AAA9D /* Frameworks */,
				F83CE99027BB8999005AAA9D /* Resources */,
			);
			buildRules = (
			);
			dependencies = (
			);
			name = Landmarks;
			productName = Landmarks;
			productReference = F83CE99227BB8999005AAA9D /* Landmarks.app */;
			productType = "com.apple.product-type.application";
		};
		F861E2EB2906C18900578BDF /* WatchLandmarks Watch App */ = {
			isa = PBXNativeTarget;
			buildConfigurationList = F861E2F92906C18900578BDF /* Build configuration list for PBXNativeTarget "WatchLandmarks Watch App" */;
			buildPhases = (
				F861E2E82906C18900578BDF /* Sources */,
				F861E2E92906C18900578BDF /* Frameworks */,
				F861E2EA2906C18900578BDF /* Resources */,
				F861E3092906C22D00578BDF /* Embed Foundation Extensions */,
			);
			buildRules = (
			);
			dependencies = (
			);
			name = "WatchLandmarks Watch App";
			productName = "WatchLandmarks Watch App";
			productReference = F861E2EC2906C18900578BDF /* WatchLandmarks Watch App.app */;
			productType = "com.apple.product-type.application";
		};
/* End PBXNativeTarget section */

/* Begin PBXProject section */
		F83CE98A27BB8999005AAA9D /* Project object */ = {
			isa = PBXProject;
			attributes = {
				BuildIndependentTargetsInParallel = 1;
				LastSwiftUpdateCheck = 1400;
				LastUpgradeCheck = 1320;
				TargetAttributes = {
					F83CE99127BB8999005AAA9D = {
						CreatedOnToolsVersion = 13.2.1;
					};
					F861E2EB2906C18900578BDF = {
						CreatedOnToolsVersion = 14.0.1;
					};
				};
			};
			buildConfigurationList = F83CE98D27BB8999005AAA9D /* Build configuration list for PBXProject "Landmarks" */;
			compatibilityVersion = "Xcode 13.0";
			developmentRegion = en;
			hasScannedForEncodings = 0;
			knownRegions = (
				en,
				Base,
			);
			mainGroup = F83CE98927BB8999005AAA9D;
			productRefGroup = F83CE99327BB8999005AAA9D /* Products */;
			projectDirPath = "";
			projectRoot = "";
			targets = (
				F83CE99127BB8999005AAA9D /* Landmarks */,
				F861E2EB2906C18900578BDF /* WatchLandmarks Watch App */,
			);
		};
/* End PBXProject section */

/* Begin PBXResourcesBuildPhase section */
		F83CE99027BB8999005AAA9D /* Resources */ = {
			isa = PBXResourcesBuildPhase;
			buildActionMask = 2147483647;
			files = (
				F853037827C493E100E0F361 /* hikeData.json in Resources */,
				F83CE99D27BB899A005AAA9D /* Preview Assets.xcassets in Resources */,
				F83CE99A27BB899A005AAA9D /* Assets.xcassets in Resources */,
				F83CE9AD27BB9B69005AAA9D /* landmarkData.json in Resources */,
			);
			runOnlyForDeploymentPostprocessing = 0;
		};
		F861E2EA2906C18900578BDF /* Resources */ = {
			isa = PBXResourcesBuildPhase;
			buildActionMask = 2147483647;
			files = (
				F861E3232906C35B00578BDF /* hikeData.json in Resources */,
				F861E2F62906C18900578BDF /* Preview Assets.xcassets in Resources */,
				F861E31D2906C35B00578BDF /* Assets.xcassets in Resources */,
				F861E3252906C35B00578BDF /* landmarkData.json in Resources */,
				F861E2F32906C18900578BDF /* Assets.xcassets in Resources */,
				F80F1EAA2907F98F004DFC3B /* PushNotificationPayload.apns in Resources */,
			);
			runOnlyForDeploymentPostprocessing = 0;
		};
/* End PBXResourcesBuildPhase section */

/* Begin PBXSourcesBuildPhase section */
		F83CE98E27BB8999005AAA9D /* Sources */ = {
			isa = PBXSourcesBuildPhase;
			buildActionMask = 2147483647;
			files = (
				F8AD5FEA27C4B79300738264 /* CategoryRow.swift in Sources */,
				F8AD5FEE27C4D2F100738264 /* Profile.swift in Sources */,
				F83CE99827BB8999005AAA9D /* ContentView.swift in Sources */,
				F8AD5FE727C4ADB900738264 /* CategoryHome.swift in Sources */,
				F827C9CD288752FB008C9267 /* FeatureCard.swift in Sources */,
				F853038127C4965700E0F361 /* HikeGraph.swift in Sources */,
				F842C5AB27C37F4700273B45 /* Badge.swift in Sources */,
				F83CE9A627BB954E005AAA9D /* MapView.swift in Sources */,
				F853038027C4965700E0F361 /* GraphCapsule.swift in Sources */,
				F83CE99627BB8999005AAA9D /* LandmarksApp.swift in Sources */,
				F827C9D128876898008C9267 /* PageControl.swift in Sources */,
				F83CE9B727BBBE4E005AAA9D /* FavoriteButton.swift in Sources */,
				F8AD5FEC27C4BA5D00738264 /* CategoryItem.swift in Sources */,
				F853038227C4965700E0F361 /* HikeDetail.swift in Sources */,
				F8AD5FF327C4D78F00738264 /* ProfileSummary.swift in Sources */,
				F842C5A327C34E7600273B45 /* HexagonParameters.swift in Sources */,
				F8AD5FF127C4D66800738264 /* ProfileHost.swift in Sources */,
				F827C9CA28875088008C9267 /* PageViewController.swift in Sources */,
				F853037A27C493F700E0F361 /* Hike.swift in Sources */,
				F827C9CF28875438008C9267 /* PageView.swift in Sources */,
				F842C5A927C37E3300273B45 /* RotatedBadgeSymbol.swift in Sources */,
				F842C5A727C3784100273B45 /* BadgeSymbol.swift in Sources */,
				F8AD5FF727C4F03D00738264 /* ProfileEditor.swift in Sources */,
				F83CE9B327BBA4F3005AAA9D /* LandmarkList.swift in Sources */,
				F853038327C4965700E0F361 /* HikeView.swift in Sources */,
				F83CE9B527BBABE4005AAA9D /* LandmarkDetail.swift in Sources */,
				F842C5A527C36BE000273B45 /* BadgeBackground.swift in Sources */,
				F8AD5FF527C4D92D00738264 /* HikeBadge.swift in Sources */,
				F83CE9A427BB9167005AAA9D /* CircleImage.swift in Sources */,
				F83CE9A827BB9B1A005AAA9D /* Landmark.swift in Sources */,
				F83CE9B127BB9FF1005AAA9D /* LandmarkRow.swift in Sources */,
				F83CE9AF27BB9E03005AAA9D /* ModelData.swift in Sources */,
			);
			runOnlyForDeploymentPostprocessing = 0;
		};
		F861E2E82906C18900578BDF /* Sources */ = {
			isa = PBXSourcesBuildPhase;
			buildActionMask = 2147483647;
			files = (
				F861E31B2906C35B00578BDF /* Hike.swift in Sources */,
				F861E3242906C35B00578BDF /* MapView.swift in Sources */,
				F861E3172906C32100578BDF /* LandmarkDetail.swift in Sources */,
				F861E3192906C35B00578BDF /* Profile.swift in Sources */,
				F861E31E2906C35B00578BDF /* CircleImage.swift in Sources */,
				F861E3202906C35B00578BDF /* LandmarksApp.swift in Sources */,
				F861E31F2906C35B00578BDF /* ModelData.swift in Sources */,
				F861E2F12906C18900578BDF /* ContentView.swift in Sources */,
				F861E3222906C35B00578BDF /* LandmarkRow.swift in Sources */,
				F80F1EA82907F13F004DFC3B /* NotificationController.swift in Sources */,
				F861E31A2906C35B00578BDF /* Landmark.swift in Sources */,
				F861E3212906C35B00578BDF /* LandmarkList.swift in Sources */,
				F80F1EA62907EEE9004DFC3B /* NotificationView.swift in Sources */,
			);
			runOnlyForDeploymentPostprocessing = 0;
		};
/* End PBXSourcesBuildPhase section */

/* Begin XCBuildConfiguration section */
		F83CE99E27BB899A005AAA9D /* Debug */ = {
			isa = XCBuildConfiguration;
			buildSettings = {
				ALWAYS_SEARCH_USER_PATHS = NO;
				CLANG_ANALYZER_NONNULL = YES;
				CLANG_ANALYZER_NUMBER_OBJECT_CONVERSION = YES_AGGRESSIVE;
				CLANG_CXX_LANGUAGE_STANDARD = "gnu++17";
				CLANG_CXX_LIBRARY = "libc++";
				CLANG_ENABLE_MODULES = YES;
				CLANG_ENABLE_OBJC_ARC = YES;
				CLANG_ENABLE_OBJC_WEAK = YES;
				CLANG_WARN_BLOCK_CAPTURE_AUTORELEASING = YES;
				CLANG_WARN_BOOL_CONVERSION = YES;
				CLANG_WARN_COMMA = YES;
				CLANG_WARN_CONSTANT_CONVERSION = YES;
				CLANG_WARN_DEPRECATED_OBJC_IMPLEMENTATIONS = YES;
				CLANG_WARN_DIRECT_OBJC_ISA_USAGE = YES_ERROR;
				CLANG_WARN_DOCUMENTATION_COMMENTS = YES;
				CLANG_WARN_EMPTY_BODY = YES;
				CLANG_WARN_ENUM_CONVERSION = YES;
				CLANG_WARN_INFINITE_RECURSION = YES;
				CLANG_WARN_INT_CONVERSION = YES;
				CLANG_WARN_NON_LITERAL_NULL_CONVERSION = YES;
				CLANG_WARN_OBJC_IMPLICIT_RETAIN_SELF = YES;
				CLANG_WARN_OBJC_LITERAL_CONVERSION = YES;
				CLANG_WARN_OBJC_ROOT_CLASS = YES_ERROR;
				CLANG_WARN_QUOTED_INCLUDE_IN_FRAMEWORK_HEADER = YES;
				CLANG_WARN_RANGE_LOOP_ANALYSIS = YES;
				CLANG_WARN_STRICT_PROTOTYPES = YES;
				CLANG_WARN_SUSPICIOUS_MOVE = YES;
				CLANG_WARN_UNGUARDED_AVAILABILITY = YES_AGGRESSIVE;
				CLANG_WARN_UNREACHABLE_CODE = YES;
				CLANG_WARN__DUPLICATE_METHOD_MATCH = YES;
				COPY_PHASE_STRIP = NO;
				DEBUG_INFORMATION_FORMAT = dwarf;
				ENABLE_STRICT_OBJC_MSGSEND = YES;
				ENABLE_TESTABILITY = YES;
				GCC_C_LANGUAGE_STANDARD = gnu11;
				GCC_DYNAMIC_NO_PIC = NO;
				GCC_NO_COMMON_BLOCKS = YES;
				GCC_OPTIMIZATION_LEVEL = 0;
				GCC_PREPROCESSOR_DEFINITIONS = (
					"DEBUG=1",
					"$(inherited)",
				);
				GCC_WARN_64_TO_32_BIT_CONVERSION = YES;
				GCC_WARN_ABOUT_RETURN_TYPE = YES_ERROR;
				GCC_WARN_UNDECLARED_SELECTOR = YES;
				GCC_WARN_UNINITIALIZED_AUTOS = YES_AGGRESSIVE;
				GCC_WARN_UNUSED_FUNCTION = YES;
				GCC_WARN_UNUSED_VARIABLE = YES;
				IPHONEOS_DEPLOYMENT_TARGET = 15.2;
				MTL_ENABLE_DEBUG_INFO = INCLUDE_SOURCE;
				MTL_FAST_MATH = YES;
				ONLY_ACTIVE_ARCH = YES;
				SDKROOT = iphoneos;
				SWIFT_ACTIVE_COMPILATION_CONDITIONS = DEBUG;
				SWIFT_OPTIMIZATION_LEVEL = "-Onone";
			};
			name = Debug;
		};
		F83CE99F27BB899A005AAA9D /* Release */ = {
			isa = XCBuildConfiguration;
			buildSettings = {
				ALWAYS_SEARCH_USER_PATHS = NO;
				CLANG_ANALYZER_NONNULL = YES;
				CLANG_ANALYZER_NUMBER_OBJECT_CONVERSION = YES_AGGRESSIVE;
				CLANG_CXX_LANGUAGE_STANDARD = "gnu++17";
				CLANG_CXX_LIBRARY = "libc++";
				CLANG_ENABLE_MODULES = YES;
				CLANG_ENABLE_OBJC_ARC = YES;
				CLANG_ENABLE_OBJC_WEAK = YES;
				CLANG_WARN_BLOCK_CAPTURE_AUTORELEASING = YES;
				CLANG_WARN_BOOL_CONVERSION = YES;
				CLANG_WARN_COMMA = YES;
				CLANG_WARN_CONSTANT_CONVERSION = YES;
				CLANG_WARN_DEPRECATED_OBJC_IMPLEMENTATIONS = YES;
				CLANG_WARN_DIRECT_OBJC_ISA_USAGE = YES_ERROR;
				CLANG_WARN_DOCUMENTATION_COMMENTS = YES;
				CLANG_WARN_EMPTY_BODY = YES;
				CLANG_WARN_ENUM_CONVERSION = YES;
				CLANG_WARN_INFINITE_RECURSION = YES;
				CLANG_WARN_INT_CONVERSION = YES;
				CLANG_WARN_NON_LITERAL_NULL_CONVERSION = YES;
				CLANG_WARN_OBJC_IMPLICIT_RETAIN_SELF = YES;
				CLANG_WARN_OBJC_LITERAL_CONVERSION = YES;
				CLANG_WARN_OBJC_ROOT_CLASS = YES_ERROR;
				CLANG_WARN_QUOTED_INCLUDE_IN_FRAMEWORK_HEADER = YES;
				CLANG_WARN_RANGE_LOOP_ANALYSIS = YES;
				CLANG_WARN_STRICT_PROTOTYPES = YES;
				CLANG_WARN_SUSPICIOUS_MOVE = YES;
				CLANG_WARN_UNGUARDED_AVAILABILITY = YES_AGGRESSIVE;
				CLANG_WARN_UNREACHABLE_CODE = YES;
				CLANG_WARN__DUPLICATE_METHOD_MATCH = YES;
				COPY_PHASE_STRIP = NO;
				DEBUG_INFORMATION_FORMAT = "dwarf-with-dsym";
				ENABLE_NS_ASSERTIONS = NO;
				ENABLE_STRICT_OBJC_MSGSEND = YES;
				GCC_C_LANGUAGE_STANDARD = gnu11;
				GCC_NO_COMMON_BLOCKS = YES;
				GCC_WARN_64_TO_32_BIT_CONVERSION = YES;
				GCC_WARN_ABOUT_RETURN_TYPE = YES_ERROR;
				GCC_WARN_UNDECLARED_SELECTOR = YES;
				GCC_WARN_UNINITIALIZED_AUTOS = YES_AGGRESSIVE;
				GCC_WARN_UNUSED_FUNCTION = YES;
				GCC_WARN_UNUSED_VARIABLE = YES;
				IPHONEOS_DEPLOYMENT_TARGET = 15.2;
				MTL_ENABLE_DEBUG_INFO = NO;
				MTL_FAST_MATH = YES;
				SDKROOT = iphoneos;
				SWIFT_COMPILATION_MODE = wholemodule;
				SWIFT_OPTIMIZATION_LEVEL = "-O";
				VALIDATE_PRODUCT = YES;
			};
			name = Release;
		};
		F83CE9A127BB899A005AAA9D /* Debug */ = {
			isa = XCBuildConfiguration;
			buildSettings = {
				ASSETCATALOG_COMPILER_APPICON_NAME = AppIcon;
				ASSETCATALOG_COMPILER_GLOBAL_ACCENT_COLOR_NAME = AccentColor;
				CODE_SIGN_STYLE = Automatic;
				CURRENT_PROJECT_VERSION = 1;
				DEVELOPMENT_ASSET_PATHS = "\"Landmarks/Preview Content\"";
				DEVELOPMENT_TEAM = T8C9SSEX5G;
				ENABLE_PREVIEWS = YES;
				GENERATE_INFOPLIST_FILE = YES;
				INFOPLIST_KEY_UIApplicationSceneManifest_Generation = YES;
				INFOPLIST_KEY_UIApplicationSupportsIndirectInputEvents = YES;
				INFOPLIST_KEY_UILaunchScreen_Generation = YES;
				INFOPLIST_KEY_UISupportedInterfaceOrientations_iPad = "UIInterfaceOrientationPortrait UIInterfaceOrientationPortraitUpsideDown UIInterfaceOrientationLandscapeLeft UIInterfaceOrientationLandscapeRight";
				INFOPLIST_KEY_UISupportedInterfaceOrientations_iPhone = "UIInterfaceOrientationPortrait UIInterfaceOrientationLandscapeLeft UIInterfaceOrientationLandscapeRight";
				LD_RUNPATH_SEARCH_PATHS = (
					"$(inherited)",
					"@executable_path/Frameworks",
				);
				MARKETING_VERSION = 1.0;
				PRODUCT_BUNDLE_IDENTIFIER = com.exemple.Landmarks.Landmarks;
				PRODUCT_NAME = "$(TARGET_NAME)";
				SWIFT_EMIT_LOC_STRINGS = YES;
				SWIFT_VERSION = 5.0;
				TARGETED_DEVICE_FAMILY = "1,2";
			};
			name = Debug;
		};
		F83CE9A227BB899A005AAA9D /* Release */ = {
			isa = XCBuildConfiguration;
			buildSettings = {
				ASSETCATALOG_COMPILER_APPICON_NAME = AppIcon;
				ASSETCATALOG_COMPILER_GLOBAL_ACCENT_COLOR_NAME = AccentColor;
				CODE_SIGN_STYLE = Automatic;
				CURRENT_PROJECT_VERSION = 1;
				DEVELOPMENT_ASSET_PATHS = "\"Landmarks/Preview Content\"";
				DEVELOPMENT_TEAM = T8C9SSEX5G;
				ENABLE_PREVIEWS = YES;
				GENERATE_INFOPLIST_FILE = YES;
				INFOPLIST_KEY_UIApplicationSceneManifest_Generation = YES;
				INFOPLIST_KEY_UIApplicationSupportsIndirectInputEvents = YES;
				INFOPLIST_KEY_UILaunchScreen_Generation = YES;
				INFOPLIST_KEY_UISupportedInterfaceOrientations_iPad = "UIInterfaceOrientationPortrait UIInterfaceOrientationPortraitUpsideDown UIInterfaceOrientationLandscapeLeft UIInterfaceOrientationLandscapeRight";
				INFOPLIST_KEY_UISupportedInterfaceOrientations_iPhone = "UIInterfaceOrientationPortrait UIInterfaceOrientationLandscapeLeft UIInterfaceOrientationLandscapeRight";
				LD_RUNPATH_SEARCH_PATHS = (
					"$(inherited)",
					"@executable_path/Frameworks",
				);
				MARKETING_VERSION = 1.0;
				PRODUCT_BUNDLE_IDENTIFIER = com.exemple.Landmarks.Landmarks;
				PRODUCT_NAME = "$(TARGET_NAME)";
				SWIFT_EMIT_LOC_STRINGS = YES;
				SWIFT_VERSION = 5.0;
				TARGETED_DEVICE_FAMILY = "1,2";
			};
			name = Release;
		};
		F861E2F72906C18900578BDF /* Debug */ = {
			isa = XCBuildConfiguration;
			buildSettings = {
				ASSETCATALOG_COMPILER_APPICON_NAME = AppIcon;
				ASSETCATALOG_COMPILER_GLOBAL_ACCENT_COLOR_NAME = AccentColor;
				ASSETCATALOG_COMPILER_INCLUDE_ALL_APPICON_ASSETS = YES;
				CLANG_CXX_LANGUAGE_STANDARD = "gnu++20";
				CODE_SIGN_STYLE = Automatic;
				CURRENT_PROJECT_VERSION = 1;
				DEVELOPMENT_ASSET_PATHS = "\"WatchLandmarks Watch App/Preview Content\"";
				DEVELOPMENT_TEAM = T8C9SSEX5G;
				ENABLE_PREVIEWS = YES;
				GENERATE_INFOPLIST_FILE = YES;
				INFOPLIST_KEY_CFBundleDisplayName = WatchLandmarks;
				INFOPLIST_KEY_UISupportedInterfaceOrientations = "UIInterfaceOrientationPortrait UIInterfaceOrientationPortraitUpsideDown";
				INFOPLIST_KEY_WKCompanionAppBundleIdentifier = "";
				INFOPLIST_KEY_WKRunsIndependentlyOfCompanionApp = YES;
				LD_RUNPATH_SEARCH_PATHS = (
					"$(inherited)",
					"@executable_path/Frameworks",
				);
				MARKETING_VERSION = 1.0;
				PRODUCT_BUNDLE_IDENTIFIER = .watchkitapp;
				PRODUCT_NAME = "$(TARGET_NAME)";
				SDKROOT = watchos;
				SKIP_INSTALL = YES;
				SWIFT_EMIT_LOC_STRINGS = YES;
				SWIFT_VERSION = 5.0;
				TARGETED_DEVICE_FAMILY = 4;
				WATCHOS_DEPLOYMENT_TARGET = 9.0;
			};
			name = Debug;
		};
		F861E2F82906C18900578BDF /* Release */ = {
			isa = XCBuildConfiguration;
			buildSettings = {
				ASSETCATALOG_COMPILER_APPICON_NAME = AppIcon;
				ASSETCATALOG_COMPILER_GLOBAL_ACCENT_COLOR_NAME = AccentColor;
				ASSETCATALOG_COMPILER_INCLUDE_ALL_APPICON_ASSETS = YES;
				CLANG_CXX_LANGUAGE_STANDARD = "gnu++20";
				CODE_SIGN_STYLE = Automatic;
				CURRENT_PROJECT_VERSION = 1;
				DEVELOPMENT_ASSET_PATHS = "\"WatchLandmarks Watch App/Preview Content\"";
				DEVELOPMENT_TEAM = T8C9SSEX5G;
				ENABLE_PREVIEWS = YES;
				GENERATE_INFOPLIST_FILE = YES;
				INFOPLIST_KEY_CFBundleDisplayName = WatchLandmarks;
				INFOPLIST_KEY_UISupportedInterfaceOrientations = "UIInterfaceOrientationPortrait UIInterfaceOrientationPortraitUpsideDown";
				INFOPLIST_KEY_WKCompanionAppBundleIdentifier = "";
				INFOPLIST_KEY_WKRunsIndependentlyOfCompanionApp = YES;
				LD_RUNPATH_SEARCH_PATHS = (
					"$(inherited)",
					"@executable_path/Frameworks",
				);
				MARKETING_VERSION = 1.0;
				PRODUCT_BUNDLE_IDENTIFIER = .watchkitapp;
				PRODUCT_NAME = "$(TARGET_NAME)";
				SDKROOT = watchos;
				SKIP_INSTALL = YES;
				SWIFT_EMIT_LOC_STRINGS = YES;
				SWIFT_VERSION = 5.0;
				TARGETED_DEVICE_FAMILY = 4;
				WATCHOS_DEPLOYMENT_TARGET = 9.0;
			};
			name = Release;
		};
/* End XCBuildConfiguration section */

/* Begin XCConfigurationList section */
		F83CE98D27BB8999005AAA9D /* Build configuration list for PBXProject "Landmarks" */ = {
			isa = XCConfigurationList;
			buildConfigurations = (
				F83CE99E27BB899A005AAA9D /* Debug */,
				F83CE99F27BB899A005AAA9D /* Release */,
			);
			defaultConfigurationIsVisible = 0;
			defaultConfigurationName = Release;
		};
		F83CE9A027BB899A005AAA9D /* Build configuration list for PBXNativeTarget "Landmarks" */ = {
			isa = XCConfigurationList;
			buildConfigurations = (
				F83CE9A127BB899A005AAA9D /* Debug */,
				F83CE9A227BB899A005AAA9D /* Release */,
			);
			defaultConfigurationIsVisible = 0;
			defaultConfigurationName = Release;
		};
		F861E2F92906C18900578BDF /* Build configuration list for PBXNativeTarget "WatchLandmarks Watch App" */ = {
			isa = XCConfigurationList;
			buildConfigurations = (
				F861E2F72906C18900578BDF /* Debug */,
				F861E2F82906C18900578BDF /* Release */,
			);
			defaultConfigurationIsVisible = 0;
			defaultConfigurationName = Release;
		};
/* End XCConfigurationList section */
	};
	rootObject = F83CE98A27BB8999005AAA9D /* Project object */;
}
